
Microsoft Visual Studio Solution File, Format Version 12.00
# Visual Studio 15
VisualStudioVersion = 15.0.27130.2036
MinimumVisualStudioVersion = 10.0.40219.1
Project("{2150E333-8FDC-42A3-9474-1A3956D46DE8}") = "_", "_", "{498EF6B0-5565-411A-839A-B41294202103}"
	ProjectSection(SolutionItems) = preProject
		..\..\.editorconfig = ..\..\.editorconfig
		..\..\.gitignore = ..\..\.gitignore
		..\..\.travis.yml = ..\..\.travis.yml
		..\..\appveyor.yml = ..\..\appveyor.yml
		..\..\CMakeLists.txt = ..\..\CMakeLists.txt
		..\..\README.md = ..\..\README.md
		vs-flags.txt = vs-flags.txt
	EndProjectSection
EndProject
Project("{2150E333-8FDC-42A3-9474-1A3956D46DE8}") = "tests", "tests", "{58AC2401-48A7-4AFA-A6F4-5F00DFAF260A}"
	ProjectSection(SolutionItems) = preProject
		..\..\CMakeLists.txt = ..\..\CMakeLists.txt
		..\..\hfsm.natvis = ..\..\hfsm.natvis
	EndProjectSection
EndProject
Project("{2150E333-8FDC-42A3-9474-1A3956D46DE8}") = "tools", "tools", "{FEAA94BA-655D-4761-B7CF-32DC0457499D}"
EndProject
Project("{888888A0-9F3D-457C-B088-3A5042F75D52}") = "tools", "tools.pyproj", "{2347027E-E5DE-43C4-8EF9-5F1411ADE33B}"
EndProject
Project("{8BC9CEB8-8B4A-11D0-8D11-00A0C91BC942}") = "test-15", "test-15.vcxproj", "{CCE21648-BED6-4180-A305-FF27932B9232}"
EndProject
Project("{8BC9CEB8-8B4A-11D0-8D11-00A0C91BC942}") = "test-clang", "test-clang.vcxproj", "{D2176F37-135E-4003-9A90-7A9E78E0371F}"
EndProject
Global
	GlobalSection(SolutionConfigurationPlatforms) = preSolution
		debug|32 = debug|32
		debug|64 = debug|64
		release|32 = release|32
		release|64 = release|64
	EndGlobalSection
	GlobalSection(ProjectConfigurationPlatforms) = postSolution
		{2347027E-E5DE-43C4-8EF9-5F1411ADE33B}.debug|32.ActiveCfg = debug|Any CPU
		{2347027E-E5DE-43C4-8EF9-5F1411ADE33B}.debug|64.ActiveCfg = debug|Any CPU
		{2347027E-E5DE-43C4-8EF9-5F1411ADE33B}.release|32.ActiveCfg = release|Any CPU
		{2347027E-E5DE-43C4-8EF9-5F1411ADE33B}.release|64.ActiveCfg = release|Any CPU
		{CCE21648-BED6-4180-A305-FF27932B9232}.debug|32.ActiveCfg = debug|Win32
		{CCE21648-BED6-4180-A305-FF27932B9232}.debug|32.Build.0 = debug|Win32
		{CCE21648-BED6-4180-A305-FF27932B9232}.debug|64.ActiveCfg = debug|x64
		{CCE21648-BED6-4180-A305-FF27932B9232}.debug|64.Build.0 = debug|x64
		{CCE21648-BED6-4180-A305-FF27932B9232}.release|32.ActiveCfg = release|Win32
		{CCE21648-BED6-4180-A305-FF27932B9232}.release|32.Build.0 = release|Win32
		{CCE21648-BED6-4180-A305-FF27932B9232}.release|64.ActiveCfg = release|x64
		{CCE21648-BED6-4180-A305-FF27932B9232}.release|64.Build.0 = release|x64
		{D2176F37-135E-4003-9A90-7A9E78E0371F}.debug|32.ActiveCfg = debug|Win32
		{D2176F37-135E-4003-9A90-7A9E78E0371F}.debug|32.Build.0 = debug|Win32
		{D2176F37-135E-4003-9A90-7A9E78E0371F}.debug|64.ActiveCfg = debug|x64
		{D2176F37-135E-4003-9A90-7A9E78E0371F}.debug|64.Build.0 = debug|x64
		{D2176F37-135E-4003-9A90-7A9E78E0371F}.release|32.ActiveCfg = release|Win32
		{D2176F37-135E-4003-9A90-7A9E78E0371F}.release|32.Build.0 = release|Win32
		{D2176F37-135E-4003-9A90-7A9E78E0371F}.release|64.ActiveCfg = release|x64
		{D2176F37-135E-4003-9A90-7A9E78E0371F}.release|64.Build.0 = release|x64
	EndGlobalSection
	GlobalSection(SolutionProperties) = preSolution
		HideSolutionNode = FALSE
	EndGlobalSection
	GlobalSection(NestedProjects) = preSolution
		{2347027E-E5DE-43C4-8EF9-5F1411ADE33B} = {FEAA94BA-655D-4761-B7CF-32DC0457499D}
		{CCE21648-BED6-4180-A305-FF27932B9232} = {58AC2401-48A7-4AFA-A6F4-5F00DFAF260A}
		{D2176F37-135E-4003-9A90-7A9E78E0371F} = {58AC2401-48A7-4AFA-A6F4-5F00DFAF260A}
	EndGlobalSection
	GlobalSection(ExtensibilityGlobals) = postSolution
		SolutionGuid = {3BE666E0-1098-42CF-B1FD-F0F0CA579F4C}
	EndGlobalSection
EndGlobal
