
Microsoft Visual Studio Solution File, Format Version 12.00
# Visual Studio Version 17
VisualStudioVersion = 17.1.32228.430
MinimumVisualStudioVersion = 10.0.40219.1
Project("{2150E333-8FDC-42A3-9474-1A3956D46DE8}") = "_", "_", "{498EF6B0-5565-411A-839A-B41294202103}"
	ProjectSection(SolutionItems) = preProject
		..\..\.editorconfig = ..\..\.editorconfig
		..\..\.gitignore = ..\..\.gitignore
		..\..\_config.yml = ..\..\_config.yml
		..\..\CMakeLists.txt = ..\..\CMakeLists.txt
		..\..\hfsm2.natvis = ..\..\hfsm2.natvis
		..\..\README.md = ..\..\README.md
	EndProjectSection
EndProject
Project("{2150E333-8FDC-42A3-9474-1A3956D46DE8}") = "examples", "examples", "{EDEB0687-3B3E-429D-9213-0A3EED99821D}"
EndProject
Project("{2150E333-8FDC-42A3-9474-1A3956D46DE8}") = "tests", "tests", "{58AC2401-48A7-4AFA-A6F4-5F00DFAF260A}"
EndProject
Project("{2150E333-8FDC-42A3-9474-1A3956D46DE8}") = "tools", "tools", "{FEAA94BA-655D-4761-B7CF-32DC0457499D}"
EndProject
Project("{888888A0-9F3D-457C-B088-3A5042F75D52}") = "tools", "tools.pyproj", "{2347027E-E5DE-43C4-8EF9-5F1411ADE33B}"
EndProject
Project("{8BC9CEB8-8B4A-11D0-8D11-00A0C91BC942}") = "test-15", "test-15.vcxproj", "{CCE21648-BED6-4180-A305-FF27932B9232}"
EndProject
Project("{8BC9CEB8-8B4A-11D0-8D11-00A0C91BC942}") = "advanced_event_handling-15", "advanced_event_handling-15.vcxproj", "{51783E31-202A-4B43-A371-A62AEF4F75E3}"
EndProject
Project("{8BC9CEB8-8B4A-11D0-8D11-00A0C91BC942}") = "basic_traffic_light-15", "basic_traffic_light-15.vcxproj", "{C8C0CDBA-3B12-412D-8C7B-D65E3D85D2A2}"
EndProject
Project("{8BC9CEB8-8B4A-11D0-8D11-00A0C91BC942}") = "debug_logger_interface-15", "debug_logger_interface-15.vcxproj", "{31CDCC89-14CF-42A9-AB27-C2E7CFB6E98D}"
EndProject
Project("{8BC9CEB8-8B4A-11D0-8D11-00A0C91BC942}") = "advanced_event_handling-16", "advanced_event_handling-16.vcxproj", "{84F7FDEF-23C4-43A0-A6AE-BEDAA1AC863C}"
EndProject
Project("{8BC9CEB8-8B4A-11D0-8D11-00A0C91BC942}") = "basic_traffic_light-16", "basic_traffic_light-16.vcxproj", "{7F102606-D08C-4F7D-94B3-FCAC473DABED}"
EndProject
Project("{8BC9CEB8-8B4A-11D0-8D11-00A0C91BC942}") = "debug_logger_interface-16", "debug_logger_interface-16.vcxproj", "{4DDF823C-C579-4259-ABEE-535F4C73FADB}"
EndProject
Project("{8BC9CEB8-8B4A-11D0-8D11-00A0C91BC942}") = "test-16", "test-16.vcxproj", "{0E3EA848-3FFE-4784-8D44-1DF036990C22}"
EndProject
Project("{8BC9CEB8-8B4A-11D0-8D11-00A0C91BC942}") = "basic_audio_player-15", "basic_audio_player-15.vcxproj", "{5D9EAEC4-CEDD-4D4F-9538-345399DA9DA1}"
EndProject
Project("{8BC9CEB8-8B4A-11D0-8D11-00A0C91BC942}") = "basic_audio_player-16", "basic_audio_player-16.vcxproj", "{99085F16-DA06-4072-B84E-C2D95C539ED9}"
EndProject
Project("{8BC9CEB8-8B4A-11D0-8D11-00A0C91BC942}") = "snippets-15", "snippets-15.vcxproj", "{14AA7744-5593-4107-B22E-21025E4541C1}"
EndProject
Project("{8BC9CEB8-8B4A-11D0-8D11-00A0C91BC942}") = "snippets-16", "snippets-16.vcxproj", "{4C77E622-2167-417F-A6E6-32E077D4C98E}"
EndProject
Project("{8BC9CEB8-8B4A-11D0-8D11-00A0C91BC942}") = "calculator-15", "calculator-15.vcxproj", "{B7C89281-0060-4468-A798-6A00309A65F1}"
EndProject
Project("{8BC9CEB8-8B4A-11D0-8D11-00A0C91BC942}") = "calculator-16", "calculator-16.vcxproj", "{31FB5D4F-0DEF-45B6-8342-122873F4E2DB}"
EndProject
Project("{8BC9CEB8-8B4A-11D0-8D11-00A0C91BC942}") = "advanced_event_handling-17", "advanced_event_handling-17.vcxproj", "{45403D12-83CF-4C69-B788-F4B024B64868}"
EndProject
Project("{8BC9CEB8-8B4A-11D0-8D11-00A0C91BC942}") = "basic_audio_player-17", "basic_audio_player-17.vcxproj", "{231E07B9-FDFC-44E3-9368-795F36A8F0C1}"
EndProject
Project("{8BC9CEB8-8B4A-11D0-8D11-00A0C91BC942}") = "basic_traffic_light-17", "basic_traffic_light-17.vcxproj", "{E30B76E0-C614-4C0C-9331-682C4C0B9FDC}"
EndProject
Project("{8BC9CEB8-8B4A-11D0-8D11-00A0C91BC942}") = "calculator-17", "calculator-17.vcxproj", "{92461E0C-B41D-41DE-9D1B-504D01796B22}"
EndProject
Project("{8BC9CEB8-8B4A-11D0-8D11-00A0C91BC942}") = "debug_logger_interface-17", "debug_logger_interface-17.vcxproj", "{6F710BB7-0EBF-48C8-83DB-7D009F972FAE}"
EndProject
Project("{8BC9CEB8-8B4A-11D0-8D11-00A0C91BC942}") = "snippets-17", "snippets-17.vcxproj", "{07381A65-C7BF-4A2C-96D0-F8C08571F071}"
EndProject
Project("{8BC9CEB8-8B4A-11D0-8D11-00A0C91BC942}") = "test-17", "test-17.vcxproj", "{C388EF77-A705-46D5-AC6C-5641D6F712BC}"
EndProject
Project("{8BC9CEB8-8B4A-11D0-8D11-00A0C91BC942}") = "temp-15", "temp-15.vcxproj", "{A439FC68-6402-4915-AB15-05A3B924FE05}"
EndProject
Project("{8BC9CEB8-8B4A-11D0-8D11-00A0C91BC942}") = "temp-16", "temp-16.vcxproj", "{D3DB7031-218F-4223-A376-E496400581AB}"
EndProject
Project("{8BC9CEB8-8B4A-11D0-8D11-00A0C91BC942}") = "temp-17", "temp-17.vcxproj", "{4697C66E-A66B-48D4-9C8D-E71D8C21FA76}"
EndProject
Project("{2150E333-8FDC-42A3-9474-1A3956D46DE8}") = "workflows", "workflows", "{0542152A-9571-4FAA-AC59-4C69C1762A05}"
	ProjectSection(SolutionItems) = preProject
		..\..\.github\workflows\cmake-qemu-arm.yml = ..\..\.github\workflows\cmake-qemu-arm.yml
		..\..\.github\workflows\cmake.yml = ..\..\.github\workflows\cmake.yml
		..\..\.github\workflows\codeql-analysis.yml = ..\..\.github\workflows\codeql-analysis.yml
		..\..\.github\workflows\flawfinder-analysis.yml = ..\..\.github\workflows\flawfinder-analysis.yml
		..\..\.github\workflows\msbuild.yml = ..\..\.github\workflows\msbuild.yml
		..\..\.github\workflows\msvc-analysis.yml = ..\..\.github\workflows\msvc-analysis.yml
	EndProjectSection
EndProject
Global
	GlobalSection(SolutionConfigurationPlatforms) = preSolution
		ASan|x64 = ASan|x64
		ASan|x86 = ASan|x86
		Debug|x64 = Debug|x64
		Debug|x86 = Debug|x86
		Release|x64 = Release|x64
		Release|x86 = Release|x86
	EndGlobalSection
	GlobalSection(ProjectConfigurationPlatforms) = postSolution
		{2347027E-E5DE-43C4-8EF9-5F1411ADE33B}.ASan|x64.ActiveCfg = Release|Any CPU
		{2347027E-E5DE-43C4-8EF9-5F1411ADE33B}.ASan|x86.ActiveCfg = Release|Any CPU
		{2347027E-E5DE-43C4-8EF9-5F1411ADE33B}.Debug|x64.ActiveCfg = Debug|Any CPU
		{2347027E-E5DE-43C4-8EF9-5F1411ADE33B}.Debug|x86.ActiveCfg = Debug|Any CPU
		{2347027E-E5DE-43C4-8EF9-5F1411ADE33B}.Release|x64.ActiveCfg = Release|Any CPU
		{2347027E-E5DE-43C4-8EF9-5F1411ADE33B}.Release|x86.ActiveCfg = Release|Any CPU
		{CCE21648-BED6-4180-A305-FF27932B9232}.ASan|x64.ActiveCfg = Release|x64
		{CCE21648-BED6-4180-A305-FF27932B9232}.ASan|x86.ActiveCfg = Release|Win32
		{CCE21648-BED6-4180-A305-FF27932B9232}.Debug|x64.ActiveCfg = Debug|x64
		{CCE21648-BED6-4180-A305-FF27932B9232}.Debug|x64.Build.0 = Debug|x64
		{CCE21648-BED6-4180-A305-FF27932B9232}.Debug|x86.ActiveCfg = Debug|Win32
		{CCE21648-BED6-4180-A305-FF27932B9232}.Debug|x86.Build.0 = Debug|Win32
		{CCE21648-BED6-4180-A305-FF27932B9232}.Release|x64.ActiveCfg = Release|x64
		{CCE21648-BED6-4180-A305-FF27932B9232}.Release|x64.Build.0 = Release|x64
		{CCE21648-BED6-4180-A305-FF27932B9232}.Release|x86.ActiveCfg = Release|Win32
		{CCE21648-BED6-4180-A305-FF27932B9232}.Release|x86.Build.0 = Release|Win32
		{51783E31-202A-4B43-A371-A62AEF4F75E3}.ASan|x64.ActiveCfg = Release|x64
		{51783E31-202A-4B43-A371-A62AEF4F75E3}.ASan|x86.ActiveCfg = Release|Win32
		{51783E31-202A-4B43-A371-A62AEF4F75E3}.Debug|x64.ActiveCfg = Debug|x64
		{51783E31-202A-4B43-A371-A62AEF4F75E3}.Debug|x64.Build.0 = Debug|x64
		{51783E31-202A-4B43-A371-A62AEF4F75E3}.Debug|x86.ActiveCfg = Debug|Win32
		{51783E31-202A-4B43-A371-A62AEF4F75E3}.Debug|x86.Build.0 = Debug|Win32
		{51783E31-202A-4B43-A371-A62AEF4F75E3}.Release|x64.ActiveCfg = Release|x64
		{51783E31-202A-4B43-A371-A62AEF4F75E3}.Release|x64.Build.0 = Release|x64
		{51783E31-202A-4B43-A371-A62AEF4F75E3}.Release|x86.ActiveCfg = Release|Win32
		{51783E31-202A-4B43-A371-A62AEF4F75E3}.Release|x86.Build.0 = Release|Win32
		{C8C0CDBA-3B12-412D-8C7B-D65E3D85D2A2}.ASan|x64.ActiveCfg = Release|x64
		{C8C0CDBA-3B12-412D-8C7B-D65E3D85D2A2}.ASan|x86.ActiveCfg = Release|Win32
		{C8C0CDBA-3B12-412D-8C7B-D65E3D85D2A2}.Debug|x64.ActiveCfg = Debug|x64
		{C8C0CDBA-3B12-412D-8C7B-D65E3D85D2A2}.Debug|x64.Build.0 = Debug|x64
		{C8C0CDBA-3B12-412D-8C7B-D65E3D85D2A2}.Debug|x86.ActiveCfg = Debug|Win32
		{C8C0CDBA-3B12-412D-8C7B-D65E3D85D2A2}.Debug|x86.Build.0 = Debug|Win32
		{C8C0CDBA-3B12-412D-8C7B-D65E3D85D2A2}.Release|x64.ActiveCfg = Release|x64
		{C8C0CDBA-3B12-412D-8C7B-D65E3D85D2A2}.Release|x64.Build.0 = Release|x64
		{C8C0CDBA-3B12-412D-8C7B-D65E3D85D2A2}.Release|x86.ActiveCfg = Release|Win32
		{C8C0CDBA-3B12-412D-8C7B-D65E3D85D2A2}.Release|x86.Build.0 = Release|Win32
		{31CDCC89-14CF-42A9-AB27-C2E7CFB6E98D}.ASan|x64.ActiveCfg = Release|x64
		{31CDCC89-14CF-42A9-AB27-C2E7CFB6E98D}.ASan|x86.ActiveCfg = Release|Win32
		{31CDCC89-14CF-42A9-AB27-C2E7CFB6E98D}.Debug|x64.ActiveCfg = Debug|x64
		{31CDCC89-14CF-42A9-AB27-C2E7CFB6E98D}.Debug|x64.Build.0 = Debug|x64
		{31CDCC89-14CF-42A9-AB27-C2E7CFB6E98D}.Debug|x86.ActiveCfg = Debug|Win32
		{31CDCC89-14CF-42A9-AB27-C2E7CFB6E98D}.Debug|x86.Build.0 = Debug|Win32
		{31CDCC89-14CF-42A9-AB27-C2E7CFB6E98D}.Release|x64.ActiveCfg = Release|x64
		{31CDCC89-14CF-42A9-AB27-C2E7CFB6E98D}.Release|x64.Build.0 = Release|x64
		{31CDCC89-14CF-42A9-AB27-C2E7CFB6E98D}.Release|x86.ActiveCfg = Release|Win32
		{31CDCC89-14CF-42A9-AB27-C2E7CFB6E98D}.Release|x86.Build.0 = Release|Win32
		{84F7FDEF-23C4-43A0-A6AE-BEDAA1AC863C}.ASan|x64.ActiveCfg = ASan|x64
		{84F7FDEF-23C4-43A0-A6AE-BEDAA1AC863C}.ASan|x64.Build.0 = ASan|x64
		{84F7FDEF-23C4-43A0-A6AE-BEDAA1AC863C}.ASan|x86.ActiveCfg = ASan|Win32
		{84F7FDEF-23C4-43A0-A6AE-BEDAA1AC863C}.ASan|x86.Build.0 = ASan|Win32
		{84F7FDEF-23C4-43A0-A6AE-BEDAA1AC863C}.Debug|x64.ActiveCfg = Debug|x64
		{84F7FDEF-23C4-43A0-A6AE-BEDAA1AC863C}.Debug|x64.Build.0 = Debug|x64
		{84F7FDEF-23C4-43A0-A6AE-BEDAA1AC863C}.Debug|x86.ActiveCfg = Debug|Win32
		{84F7FDEF-23C4-43A0-A6AE-BEDAA1AC863C}.Debug|x86.Build.0 = Debug|Win32
		{84F7FDEF-23C4-43A0-A6AE-BEDAA1AC863C}.Release|x64.ActiveCfg = Release|x64
		{84F7FDEF-23C4-43A0-A6AE-BEDAA1AC863C}.Release|x64.Build.0 = Release|x64
		{84F7FDEF-23C4-43A0-A6AE-BEDAA1AC863C}.Release|x86.ActiveCfg = Release|Win32
		{84F7FDEF-23C4-43A0-A6AE-BEDAA1AC863C}.Release|x86.Build.0 = Release|Win32
		{7F102606-D08C-4F7D-94B3-FCAC473DABED}.ASan|x64.ActiveCfg = ASan|x64
		{7F102606-D08C-4F7D-94B3-FCAC473DABED}.ASan|x64.Build.0 = ASan|x64
		{7F102606-D08C-4F7D-94B3-FCAC473DABED}.ASan|x86.ActiveCfg = ASan|Win32
		{7F102606-D08C-4F7D-94B3-FCAC473DABED}.ASan|x86.Build.0 = ASan|Win32
		{7F102606-D08C-4F7D-94B3-FCAC473DABED}.Debug|x64.ActiveCfg = Debug|x64
		{7F102606-D08C-4F7D-94B3-FCAC473DABED}.Debug|x64.Build.0 = Debug|x64
		{7F102606-D08C-4F7D-94B3-FCAC473DABED}.Debug|x86.ActiveCfg = Debug|Win32
		{7F102606-D08C-4F7D-94B3-FCAC473DABED}.Debug|x86.Build.0 = Debug|Win32
		{7F102606-D08C-4F7D-94B3-FCAC473DABED}.Release|x64.ActiveCfg = Release|x64
		{7F102606-D08C-4F7D-94B3-FCAC473DABED}.Release|x64.Build.0 = Release|x64
		{7F102606-D08C-4F7D-94B3-FCAC473DABED}.Release|x86.ActiveCfg = Release|Win32
		{7F102606-D08C-4F7D-94B3-FCAC473DABED}.Release|x86.Build.0 = Release|Win32
		{4DDF823C-C579-4259-ABEE-535F4C73FADB}.ASan|x64.ActiveCfg = ASan|x64
		{4DDF823C-C579-4259-ABEE-535F4C73FADB}.ASan|x64.Build.0 = ASan|x64
		{4DDF823C-C579-4259-ABEE-535F4C73FADB}.ASan|x86.ActiveCfg = ASan|Win32
		{4DDF823C-C579-4259-ABEE-535F4C73FADB}.ASan|x86.Build.0 = ASan|Win32
		{4DDF823C-C579-4259-ABEE-535F4C73FADB}.Debug|x64.ActiveCfg = Debug|x64
		{4DDF823C-C579-4259-ABEE-535F4C73FADB}.Debug|x64.Build.0 = Debug|x64
		{4DDF823C-C579-4259-ABEE-535F4C73FADB}.Debug|x86.ActiveCfg = Debug|Win32
		{4DDF823C-C579-4259-ABEE-535F4C73FADB}.Debug|x86.Build.0 = Debug|Win32
		{4DDF823C-C579-4259-ABEE-535F4C73FADB}.Release|x64.ActiveCfg = Release|x64
		{4DDF823C-C579-4259-ABEE-535F4C73FADB}.Release|x64.Build.0 = Release|x64
		{4DDF823C-C579-4259-ABEE-535F4C73FADB}.Release|x86.ActiveCfg = Release|Win32
		{4DDF823C-C579-4259-ABEE-535F4C73FADB}.Release|x86.Build.0 = Release|Win32
		{0E3EA848-3FFE-4784-8D44-1DF036990C22}.ASan|x64.ActiveCfg = ASan|x64
		{0E3EA848-3FFE-4784-8D44-1DF036990C22}.ASan|x64.Build.0 = ASan|x64
		{0E3EA848-3FFE-4784-8D44-1DF036990C22}.ASan|x86.ActiveCfg = ASan|Win32
		{0E3EA848-3FFE-4784-8D44-1DF036990C22}.ASan|x86.Build.0 = ASan|Win32
		{0E3EA848-3FFE-4784-8D44-1DF036990C22}.Debug|x64.ActiveCfg = Debug|x64
		{0E3EA848-3FFE-4784-8D44-1DF036990C22}.Debug|x64.Build.0 = Debug|x64
		{0E3EA848-3FFE-4784-8D44-1DF036990C22}.Debug|x86.ActiveCfg = Debug|Win32
		{0E3EA848-3FFE-4784-8D44-1DF036990C22}.Debug|x86.Build.0 = Debug|Win32
		{0E3EA848-3FFE-4784-8D44-1DF036990C22}.Release|x64.ActiveCfg = Release|x64
		{0E3EA848-3FFE-4784-8D44-1DF036990C22}.Release|x64.Build.0 = Release|x64
		{0E3EA848-3FFE-4784-8D44-1DF036990C22}.Release|x86.ActiveCfg = Release|Win32
		{0E3EA848-3FFE-4784-8D44-1DF036990C22}.Release|x86.Build.0 = Release|Win32
		{5D9EAEC4-CEDD-4D4F-9538-345399DA9DA1}.ASan|x64.ActiveCfg = Release|x64
		{5D9EAEC4-CEDD-4D4F-9538-345399DA9DA1}.ASan|x86.ActiveCfg = Release|Win32
		{5D9EAEC4-CEDD-4D4F-9538-345399DA9DA1}.Debug|x64.ActiveCfg = Debug|x64
		{5D9EAEC4-CEDD-4D4F-9538-345399DA9DA1}.Debug|x64.Build.0 = Debug|x64
		{5D9EAEC4-CEDD-4D4F-9538-345399DA9DA1}.Debug|x86.ActiveCfg = Debug|Win32
		{5D9EAEC4-CEDD-4D4F-9538-345399DA9DA1}.Debug|x86.Build.0 = Debug|Win32
		{5D9EAEC4-CEDD-4D4F-9538-345399DA9DA1}.Release|x64.ActiveCfg = Release|x64
		{5D9EAEC4-CEDD-4D4F-9538-345399DA9DA1}.Release|x64.Build.0 = Release|x64
		{5D9EAEC4-CEDD-4D4F-9538-345399DA9DA1}.Release|x86.ActiveCfg = Release|Win32
		{5D9EAEC4-CEDD-4D4F-9538-345399DA9DA1}.Release|x86.Build.0 = Release|Win32
		{99085F16-DA06-4072-B84E-C2D95C539ED9}.ASan|x64.ActiveCfg = ASan|x64
		{99085F16-DA06-4072-B84E-C2D95C539ED9}.ASan|x64.Build.0 = ASan|x64
		{99085F16-DA06-4072-B84E-C2D95C539ED9}.ASan|x86.ActiveCfg = ASan|Win32
		{99085F16-DA06-4072-B84E-C2D95C539ED9}.ASan|x86.Build.0 = ASan|Win32
		{99085F16-DA06-4072-B84E-C2D95C539ED9}.Debug|x64.ActiveCfg = Debug|x64
		{99085F16-DA06-4072-B84E-C2D95C539ED9}.Debug|x64.Build.0 = Debug|x64
		{99085F16-DA06-4072-B84E-C2D95C539ED9}.Debug|x86.ActiveCfg = Debug|Win32
		{99085F16-DA06-4072-B84E-C2D95C539ED9}.Debug|x86.Build.0 = Debug|Win32
		{99085F16-DA06-4072-B84E-C2D95C539ED9}.Release|x64.ActiveCfg = Release|x64
		{99085F16-DA06-4072-B84E-C2D95C539ED9}.Release|x64.Build.0 = Release|x64
		{99085F16-DA06-4072-B84E-C2D95C539ED9}.Release|x86.ActiveCfg = Release|Win32
		{99085F16-DA06-4072-B84E-C2D95C539ED9}.Release|x86.Build.0 = Release|Win32
		{14AA7744-5593-4107-B22E-21025E4541C1}.ASan|x64.ActiveCfg = Release|x64
		{14AA7744-5593-4107-B22E-21025E4541C1}.ASan|x86.ActiveCfg = Release|Win32
		{14AA7744-5593-4107-B22E-21025E4541C1}.Debug|x64.ActiveCfg = Debug|x64
		{14AA7744-5593-4107-B22E-21025E4541C1}.Debug|x64.Build.0 = Debug|x64
		{14AA7744-5593-4107-B22E-21025E4541C1}.Debug|x86.ActiveCfg = Debug|Win32
		{14AA7744-5593-4107-B22E-21025E4541C1}.Debug|x86.Build.0 = Debug|Win32
		{14AA7744-5593-4107-B22E-21025E4541C1}.Release|x64.ActiveCfg = Release|x64
		{14AA7744-5593-4107-B22E-21025E4541C1}.Release|x64.Build.0 = Release|x64
		{14AA7744-5593-4107-B22E-21025E4541C1}.Release|x86.ActiveCfg = Release|Win32
		{14AA7744-5593-4107-B22E-21025E4541C1}.Release|x86.Build.0 = Release|Win32
		{4C77E622-2167-417F-A6E6-32E077D4C98E}.ASan|x64.ActiveCfg = ASan|x64
		{4C77E622-2167-417F-A6E6-32E077D4C98E}.ASan|x64.Build.0 = ASan|x64
		{4C77E622-2167-417F-A6E6-32E077D4C98E}.ASan|x86.ActiveCfg = ASan|Win32
		{4C77E622-2167-417F-A6E6-32E077D4C98E}.ASan|x86.Build.0 = ASan|Win32
		{4C77E622-2167-417F-A6E6-32E077D4C98E}.Debug|x64.ActiveCfg = Debug|x64
		{4C77E622-2167-417F-A6E6-32E077D4C98E}.Debug|x64.Build.0 = Debug|x64
		{4C77E622-2167-417F-A6E6-32E077D4C98E}.Debug|x86.ActiveCfg = Debug|Win32
		{4C77E622-2167-417F-A6E6-32E077D4C98E}.Debug|x86.Build.0 = Debug|Win32
		{4C77E622-2167-417F-A6E6-32E077D4C98E}.Release|x64.ActiveCfg = Release|x64
		{4C77E622-2167-417F-A6E6-32E077D4C98E}.Release|x64.Build.0 = Release|x64
		{4C77E622-2167-417F-A6E6-32E077D4C98E}.Release|x86.ActiveCfg = Release|Win32
		{4C77E622-2167-417F-A6E6-32E077D4C98E}.Release|x86.Build.0 = Release|Win32
		{B7C89281-0060-4468-A798-6A00309A65F1}.ASan|x64.ActiveCfg = Release|x64
		{B7C89281-0060-4468-A798-6A00309A65F1}.ASan|x86.ActiveCfg = Release|Win32
		{B7C89281-0060-4468-A798-6A00309A65F1}.Debug|x64.ActiveCfg = Debug|x64
		{B7C89281-0060-4468-A798-6A00309A65F1}.Debug|x64.Build.0 = Debug|x64
		{B7C89281-0060-4468-A798-6A00309A65F1}.Debug|x86.ActiveCfg = Debug|Win32
		{B7C89281-0060-4468-A798-6A00309A65F1}.Debug|x86.Build.0 = Debug|Win32
		{B7C89281-0060-4468-A798-6A00309A65F1}.Release|x64.ActiveCfg = Release|x64
		{B7C89281-0060-4468-A798-6A00309A65F1}.Release|x64.Build.0 = Release|x64
		{B7C89281-0060-4468-A798-6A00309A65F1}.Release|x86.ActiveCfg = Release|Win32
		{B7C89281-0060-4468-A798-6A00309A65F1}.Release|x86.Build.0 = Release|Win32
		{31FB5D4F-0DEF-45B6-8342-122873F4E2DB}.ASan|x64.ActiveCfg = ASan|x64
		{31FB5D4F-0DEF-45B6-8342-122873F4E2DB}.ASan|x64.Build.0 = ASan|x64
		{31FB5D4F-0DEF-45B6-8342-122873F4E2DB}.ASan|x86.ActiveCfg = ASan|Win32
		{31FB5D4F-0DEF-45B6-8342-122873F4E2DB}.ASan|x86.Build.0 = ASan|Win32
		{31FB5D4F-0DEF-45B6-8342-122873F4E2DB}.Debug|x64.ActiveCfg = Debug|x64
		{31FB5D4F-0DEF-45B6-8342-122873F4E2DB}.Debug|x64.Build.0 = Debug|x64
		{31FB5D4F-0DEF-45B6-8342-122873F4E2DB}.Debug|x86.ActiveCfg = Debug|Win32
		{31FB5D4F-0DEF-45B6-8342-122873F4E2DB}.Debug|x86.Build.0 = Debug|Win32
		{31FB5D4F-0DEF-45B6-8342-122873F4E2DB}.Release|x64.ActiveCfg = Release|x64
		{31FB5D4F-0DEF-45B6-8342-122873F4E2DB}.Release|x64.Build.0 = Release|x64
		{31FB5D4F-0DEF-45B6-8342-122873F4E2DB}.Release|x86.ActiveCfg = Release|Win32
		{31FB5D4F-0DEF-45B6-8342-122873F4E2DB}.Release|x86.Build.0 = Release|Win32
		{45403D12-83CF-4C69-B788-F4B024B64868}.ASan|x64.ActiveCfg = ASan|x64
		{45403D12-83CF-4C69-B788-F4B024B64868}.ASan|x64.Build.0 = ASan|x64
		{45403D12-83CF-4C69-B788-F4B024B64868}.ASan|x86.ActiveCfg = ASan|Win32
		{45403D12-83CF-4C69-B788-F4B024B64868}.ASan|x86.Build.0 = ASan|Win32
		{45403D12-83CF-4C69-B788-F4B024B64868}.Debug|x64.ActiveCfg = Debug|x64
		{45403D12-83CF-4C69-B788-F4B024B64868}.Debug|x64.Build.0 = Debug|x64
		{45403D12-83CF-4C69-B788-F4B024B64868}.Debug|x86.ActiveCfg = Debug|Win32
		{45403D12-83CF-4C69-B788-F4B024B64868}.Debug|x86.Build.0 = Debug|Win32
		{45403D12-83CF-4C69-B788-F4B024B64868}.Release|x64.ActiveCfg = Release|x64
		{45403D12-83CF-4C69-B788-F4B024B64868}.Release|x64.Build.0 = Release|x64
		{45403D12-83CF-4C69-B788-F4B024B64868}.Release|x86.ActiveCfg = Release|Win32
		{45403D12-83CF-4C69-B788-F4B024B64868}.Release|x86.Build.0 = Release|Win32
		{231E07B9-FDFC-44E3-9368-795F36A8F0C1}.ASan|x64.ActiveCfg = ASan|x64
		{231E07B9-FDFC-44E3-9368-795F36A8F0C1}.ASan|x64.Build.0 = ASan|x64
		{231E07B9-FDFC-44E3-9368-795F36A8F0C1}.ASan|x86.ActiveCfg = ASan|Win32
		{231E07B9-FDFC-44E3-9368-795F36A8F0C1}.ASan|x86.Build.0 = ASan|Win32
		{231E07B9-FDFC-44E3-9368-795F36A8F0C1}.Debug|x64.ActiveCfg = Debug|x64
		{231E07B9-FDFC-44E3-9368-795F36A8F0C1}.Debug|x64.Build.0 = Debug|x64
		{231E07B9-FDFC-44E3-9368-795F36A8F0C1}.Debug|x86.ActiveCfg = Debug|Win32
		{231E07B9-FDFC-44E3-9368-795F36A8F0C1}.Debug|x86.Build.0 = Debug|Win32
		{231E07B9-FDFC-44E3-9368-795F36A8F0C1}.Release|x64.ActiveCfg = Release|x64
		{231E07B9-FDFC-44E3-9368-795F36A8F0C1}.Release|x64.Build.0 = Release|x64
		{231E07B9-FDFC-44E3-9368-795F36A8F0C1}.Release|x86.ActiveCfg = Release|Win32
		{231E07B9-FDFC-44E3-9368-795F36A8F0C1}.Release|x86.Build.0 = Release|Win32
		{E30B76E0-C614-4C0C-9331-682C4C0B9FDC}.ASan|x64.ActiveCfg = ASan|x64
		{E30B76E0-C614-4C0C-9331-682C4C0B9FDC}.ASan|x64.Build.0 = ASan|x64
		{E30B76E0-C614-4C0C-9331-682C4C0B9FDC}.ASan|x86.ActiveCfg = ASan|Win32
		{E30B76E0-C614-4C0C-9331-682C4C0B9FDC}.ASan|x86.Build.0 = ASan|Win32
		{E30B76E0-C614-4C0C-9331-682C4C0B9FDC}.Debug|x64.ActiveCfg = Debug|x64
		{E30B76E0-C614-4C0C-9331-682C4C0B9FDC}.Debug|x64.Build.0 = Debug|x64
		{E30B76E0-C614-4C0C-9331-682C4C0B9FDC}.Debug|x86.ActiveCfg = Debug|Win32
		{E30B76E0-C614-4C0C-9331-682C4C0B9FDC}.Debug|x86.Build.0 = Debug|Win32
		{E30B76E0-C614-4C0C-9331-682C4C0B9FDC}.Release|x64.ActiveCfg = Release|x64
		{E30B76E0-C614-4C0C-9331-682C4C0B9FDC}.Release|x64.Build.0 = Release|x64
		{E30B76E0-C614-4C0C-9331-682C4C0B9FDC}.Release|x86.ActiveCfg = Release|Win32
		{E30B76E0-C614-4C0C-9331-682C4C0B9FDC}.Release|x86.Build.0 = Release|Win32
		{92461E0C-B41D-41DE-9D1B-504D01796B22}.ASan|x64.ActiveCfg = ASan|x64
		{92461E0C-B41D-41DE-9D1B-504D01796B22}.ASan|x64.Build.0 = ASan|x64
		{92461E0C-B41D-41DE-9D1B-504D01796B22}.ASan|x86.ActiveCfg = ASan|Win32
		{92461E0C-B41D-41DE-9D1B-504D01796B22}.ASan|x86.Build.0 = ASan|Win32
		{92461E0C-B41D-41DE-9D1B-504D01796B22}.Debug|x64.ActiveCfg = Debug|x64
		{92461E0C-B41D-41DE-9D1B-504D01796B22}.Debug|x64.Build.0 = Debug|x64
		{92461E0C-B41D-41DE-9D1B-504D01796B22}.Debug|x86.ActiveCfg = Debug|Win32
		{92461E0C-B41D-41DE-9D1B-504D01796B22}.Debug|x86.Build.0 = Debug|Win32
		{92461E0C-B41D-41DE-9D1B-504D01796B22}.Release|x64.ActiveCfg = Release|x64
		{92461E0C-B41D-41DE-9D1B-504D01796B22}.Release|x64.Build.0 = Release|x64
		{92461E0C-B41D-41DE-9D1B-504D01796B22}.Release|x86.ActiveCfg = Release|Win32
		{92461E0C-B41D-41DE-9D1B-504D01796B22}.Release|x86.Build.0 = Release|Win32
		{6F710BB7-0EBF-48C8-83DB-7D009F972FAE}.ASan|x64.ActiveCfg = ASan|x64
		{6F710BB7-0EBF-48C8-83DB-7D009F972FAE}.ASan|x64.Build.0 = ASan|x64
		{6F710BB7-0EBF-48C8-83DB-7D009F972FAE}.ASan|x86.ActiveCfg = ASan|Win32
		{6F710BB7-0EBF-48C8-83DB-7D009F972FAE}.ASan|x86.Build.0 = ASan|Win32
		{6F710BB7-0EBF-48C8-83DB-7D009F972FAE}.Debug|x64.ActiveCfg = Debug|x64
		{6F710BB7-0EBF-48C8-83DB-7D009F972FAE}.Debug|x64.Build.0 = Debug|x64
		{6F710BB7-0EBF-48C8-83DB-7D009F972FAE}.Debug|x86.ActiveCfg = Debug|Win32
		{6F710BB7-0EBF-48C8-83DB-7D009F972FAE}.Debug|x86.Build.0 = Debug|Win32
		{6F710BB7-0EBF-48C8-83DB-7D009F972FAE}.Release|x64.ActiveCfg = Release|x64
		{6F710BB7-0EBF-48C8-83DB-7D009F972FAE}.Release|x64.Build.0 = Release|x64
		{6F710BB7-0EBF-48C8-83DB-7D009F972FAE}.Release|x86.ActiveCfg = Release|Win32
		{6F710BB7-0EBF-48C8-83DB-7D009F972FAE}.Release|x86.Build.0 = Release|Win32
		{07381A65-C7BF-4A2C-96D0-F8C08571F071}.ASan|x64.ActiveCfg = ASan|x64
		{07381A65-C7BF-4A2C-96D0-F8C08571F071}.ASan|x64.Build.0 = ASan|x64
		{07381A65-C7BF-4A2C-96D0-F8C08571F071}.ASan|x86.ActiveCfg = ASan|Win32
		{07381A65-C7BF-4A2C-96D0-F8C08571F071}.ASan|x86.Build.0 = ASan|Win32
		{07381A65-C7BF-4A2C-96D0-F8C08571F071}.Debug|x64.ActiveCfg = Debug|x64
		{07381A65-C7BF-4A2C-96D0-F8C08571F071}.Debug|x64.Build.0 = Debug|x64
		{07381A65-C7BF-4A2C-96D0-F8C08571F071}.Debug|x86.ActiveCfg = Debug|Win32
		{07381A65-C7BF-4A2C-96D0-F8C08571F071}.Debug|x86.Build.0 = Debug|Win32
		{07381A65-C7BF-4A2C-96D0-F8C08571F071}.Release|x64.ActiveCfg = Release|x64
		{07381A65-C7BF-4A2C-96D0-F8C08571F071}.Release|x64.Build.0 = Release|x64
		{07381A65-C7BF-4A2C-96D0-F8C08571F071}.Release|x86.ActiveCfg = Release|Win32
		{07381A65-C7BF-4A2C-96D0-F8C08571F071}.Release|x86.Build.0 = Release|Win32
		{C388EF77-A705-46D5-AC6C-5641D6F712BC}.ASan|x64.ActiveCfg = ASan|x64
		{C388EF77-A705-46D5-AC6C-5641D6F712BC}.ASan|x64.Build.0 = ASan|x64
		{C388EF77-A705-46D5-AC6C-5641D6F712BC}.ASan|x86.ActiveCfg = ASan|Win32
		{C388EF77-A705-46D5-AC6C-5641D6F712BC}.ASan|x86.Build.0 = ASan|Win32
		{C388EF77-A705-46D5-AC6C-5641D6F712BC}.Debug|x64.ActiveCfg = Debug|x64
		{C388EF77-A705-46D5-AC6C-5641D6F712BC}.Debug|x64.Build.0 = Debug|x64
		{C388EF77-A705-46D5-AC6C-5641D6F712BC}.Debug|x86.ActiveCfg = Debug|Win32
		{C388EF77-A705-46D5-AC6C-5641D6F712BC}.Debug|x86.Build.0 = Debug|Win32
		{C388EF77-A705-46D5-AC6C-5641D6F712BC}.Release|x64.ActiveCfg = Release|x64
		{C388EF77-A705-46D5-AC6C-5641D6F712BC}.Release|x64.Build.0 = Release|x64
		{C388EF77-A705-46D5-AC6C-5641D6F712BC}.Release|x86.ActiveCfg = Release|Win32
		{C388EF77-A705-46D5-AC6C-5641D6F712BC}.Release|x86.Build.0 = Release|Win32
		{A439FC68-6402-4915-AB15-05A3B924FE05}.ASan|x64.ActiveCfg = Debug|x64
		{A439FC68-6402-4915-AB15-05A3B924FE05}.ASan|x64.Build.0 = Debug|x64
		{A439FC68-6402-4915-AB15-05A3B924FE05}.ASan|x86.ActiveCfg = Debug|Win32
		{A439FC68-6402-4915-AB15-05A3B924FE05}.ASan|x86.Build.0 = Debug|Win32
		{A439FC68-6402-4915-AB15-05A3B924FE05}.Debug|x64.ActiveCfg = Debug|x64
		{A439FC68-6402-4915-AB15-05A3B924FE05}.Debug|x64.Build.0 = Debug|x64
		{A439FC68-6402-4915-AB15-05A3B924FE05}.Debug|x86.ActiveCfg = Debug|Win32
		{A439FC68-6402-4915-AB15-05A3B924FE05}.Debug|x86.Build.0 = Debug|Win32
		{A439FC68-6402-4915-AB15-05A3B924FE05}.Release|x64.ActiveCfg = Release|x64
		{A439FC68-6402-4915-AB15-05A3B924FE05}.Release|x64.Build.0 = Release|x64
		{A439FC68-6402-4915-AB15-05A3B924FE05}.Release|x86.ActiveCfg = Release|Win32
		{A439FC68-6402-4915-AB15-05A3B924FE05}.Release|x86.Build.0 = Release|Win32
		{D3DB7031-218F-4223-A376-E496400581AB}.ASan|x64.ActiveCfg = Debug|x64
		{D3DB7031-218F-4223-A376-E496400581AB}.ASan|x64.Build.0 = Debug|x64
		{D3DB7031-218F-4223-A376-E496400581AB}.ASan|x86.ActiveCfg = Debug|Win32
		{D3DB7031-218F-4223-A376-E496400581AB}.ASan|x86.Build.0 = Debug|Win32
		{D3DB7031-218F-4223-A376-E496400581AB}.Debug|x64.ActiveCfg = Debug|x64
		{D3DB7031-218F-4223-A376-E496400581AB}.Debug|x64.Build.0 = Debug|x64
		{D3DB7031-218F-4223-A376-E496400581AB}.Debug|x86.ActiveCfg = Debug|Win32
		{D3DB7031-218F-4223-A376-E496400581AB}.Debug|x86.Build.0 = Debug|Win32
		{D3DB7031-218F-4223-A376-E496400581AB}.Release|x64.ActiveCfg = Release|x64
		{D3DB7031-218F-4223-A376-E496400581AB}.Release|x64.Build.0 = Release|x64
		{D3DB7031-218F-4223-A376-E496400581AB}.Release|x86.ActiveCfg = Release|Win32
		{D3DB7031-218F-4223-A376-E496400581AB}.Release|x86.Build.0 = Release|Win32
		{4697C66E-A66B-48D4-9C8D-E71D8C21FA76}.ASan|x64.ActiveCfg = Debug|x64
		{4697C66E-A66B-48D4-9C8D-E71D8C21FA76}.ASan|x64.Build.0 = Debug|x64
		{4697C66E-A66B-48D4-9C8D-E71D8C21FA76}.ASan|x86.ActiveCfg = Debug|Win32
		{4697C66E-A66B-48D4-9C8D-E71D8C21FA76}.ASan|x86.Build.0 = Debug|Win32
		{4697C66E-A66B-48D4-9C8D-E71D8C21FA76}.Debug|x64.ActiveCfg = Debug|x64
		{4697C66E-A66B-48D4-9C8D-E71D8C21FA76}.Debug|x64.Build.0 = Debug|x64
		{4697C66E-A66B-48D4-9C8D-E71D8C21FA76}.Debug|x86.ActiveCfg = Debug|Win32
		{4697C66E-A66B-48D4-9C8D-E71D8C21FA76}.Debug|x86.Build.0 = Debug|Win32
		{4697C66E-A66B-48D4-9C8D-E71D8C21FA76}.Release|x64.ActiveCfg = Release|x64
		{4697C66E-A66B-48D4-9C8D-E71D8C21FA76}.Release|x64.Build.0 = Release|x64
		{4697C66E-A66B-48D4-9C8D-E71D8C21FA76}.Release|x86.ActiveCfg = Release|Win32
		{4697C66E-A66B-48D4-9C8D-E71D8C21FA76}.Release|x86.Build.0 = Release|Win32
	EndGlobalSection
	GlobalSection(SolutionProperties) = preSolution
		HideSolutionNode = FALSE
	EndGlobalSection
	GlobalSection(NestedProjects) = preSolution
		{2347027E-E5DE-43C4-8EF9-5F1411ADE33B} = {FEAA94BA-655D-4761-B7CF-32DC0457499D}
		{CCE21648-BED6-4180-A305-FF27932B9232} = {58AC2401-48A7-4AFA-A6F4-5F00DFAF260A}
		{51783E31-202A-4B43-A371-A62AEF4F75E3} = {EDEB0687-3B3E-429D-9213-0A3EED99821D}
		{C8C0CDBA-3B12-412D-8C7B-D65E3D85D2A2} = {EDEB0687-3B3E-429D-9213-0A3EED99821D}
		{31CDCC89-14CF-42A9-AB27-C2E7CFB6E98D} = {EDEB0687-3B3E-429D-9213-0A3EED99821D}
		{84F7FDEF-23C4-43A0-A6AE-BEDAA1AC863C} = {EDEB0687-3B3E-429D-9213-0A3EED99821D}
		{7F102606-D08C-4F7D-94B3-FCAC473DABED} = {EDEB0687-3B3E-429D-9213-0A3EED99821D}
		{4DDF823C-C579-4259-ABEE-535F4C73FADB} = {EDEB0687-3B3E-429D-9213-0A3EED99821D}
		{0E3EA848-3FFE-4784-8D44-1DF036990C22} = {58AC2401-48A7-4AFA-A6F4-5F00DFAF260A}
		{5D9EAEC4-CEDD-4D4F-9538-345399DA9DA1} = {EDEB0687-3B3E-429D-9213-0A3EED99821D}
		{99085F16-DA06-4072-B84E-C2D95C539ED9} = {EDEB0687-3B3E-429D-9213-0A3EED99821D}
		{14AA7744-5593-4107-B22E-21025E4541C1} = {EDEB0687-3B3E-429D-9213-0A3EED99821D}
		{4C77E622-2167-417F-A6E6-32E077D4C98E} = {EDEB0687-3B3E-429D-9213-0A3EED99821D}
		{B7C89281-0060-4468-A798-6A00309A65F1} = {EDEB0687-3B3E-429D-9213-0A3EED99821D}
		{31FB5D4F-0DEF-45B6-8342-122873F4E2DB} = {EDEB0687-3B3E-429D-9213-0A3EED99821D}
		{45403D12-83CF-4C69-B788-F4B024B64868} = {EDEB0687-3B3E-429D-9213-0A3EED99821D}
		{231E07B9-FDFC-44E3-9368-795F36A8F0C1} = {EDEB0687-3B3E-429D-9213-0A3EED99821D}
		{E30B76E0-C614-4C0C-9331-682C4C0B9FDC} = {EDEB0687-3B3E-429D-9213-0A3EED99821D}
		{92461E0C-B41D-41DE-9D1B-504D01796B22} = {EDEB0687-3B3E-429D-9213-0A3EED99821D}
		{6F710BB7-0EBF-48C8-83DB-7D009F972FAE} = {EDEB0687-3B3E-429D-9213-0A3EED99821D}
		{07381A65-C7BF-4A2C-96D0-F8C08571F071} = {EDEB0687-3B3E-429D-9213-0A3EED99821D}
		{C388EF77-A705-46D5-AC6C-5641D6F712BC} = {58AC2401-48A7-4AFA-A6F4-5F00DFAF260A}
		{A439FC68-6402-4915-AB15-05A3B924FE05} = {EDEB0687-3B3E-429D-9213-0A3EED99821D}
		{D3DB7031-218F-4223-A376-E496400581AB} = {EDEB0687-3B3E-429D-9213-0A3EED99821D}
		{4697C66E-A66B-48D4-9C8D-E71D8C21FA76} = {EDEB0687-3B3E-429D-9213-0A3EED99821D}
		{0542152A-9571-4FAA-AC59-4C69C1762A05} = {498EF6B0-5565-411A-839A-B41294202103}
	EndGlobalSection
	GlobalSection(ExtensibilityGlobals) = postSolution
		SolutionGuid = {3BE666E0-1098-42CF-B1FD-F0F0CA579F4C}
	EndGlobalSection
EndGlobal
