<?xml version="1.0" encoding="utf-8"?>
<Project ToolsVersion="4.0" xmlns="http://schemas.microsoft.com/developer/msbuild/2003">
  <ItemGroup>
    <Filter Include="test">
      <UniqueIdentifier>{25afde4c-8636-489f-9a74-e87f38b09cb9}</UniqueIdentifier>
    </Filter>
    <Filter Include="hfsm">
      <UniqueIdentifier>{25fa5477-2735-467a-a226-594457ffc81b}</UniqueIdentifier>
    </Filter>
    <Filter Include="hfsm\detail">
      <UniqueIdentifier>{bcadbaf6-c69d-493f-b835-a441b888682d}</UniqueIdentifier>
    </Filter>
  </ItemGroup>
  <ItemGroup>
    <ClInclude Include="..\..\hfsm\machine.hpp">
      <Filter>hfsm</Filter>
    </ClInclude>
    <ClInclude Include="..\..\hfsm\detail\array.hpp">
      <Filter>hfsm\detail</Filter>
    </ClInclude>
    <ClInclude Include="..\..\hfsm\detail\array_view.hpp">
      <Filter>hfsm\detail</Filter>
    </ClInclude>
    <ClInclude Include="..\..\hfsm\detail\hash_table.hpp">
      <Filter>hfsm\detail</Filter>
    </ClInclude>
    <ClInclude Include="..\..\hfsm\detail\iterator.hpp">
      <Filter>hfsm\detail</Filter>
    </ClInclude>
    <ClInclude Include="..\..\hfsm\detail\type_info.hpp">
      <Filter>hfsm\detail</Filter>
    </ClInclude>
    <ClInclude Include="..\..\hfsm\detail\utility.hpp">
      <Filter>hfsm\detail</Filter>
    </ClInclude>
    <ClInclude Include="..\..\hfsm\detail\wrap.hpp">
      <Filter>hfsm\detail</Filter>
    </ClInclude>
  </ItemGroup>
  <ItemGroup>
    <None Include="..\..\hfsm\machine.inl">
      <Filter>hfsm</Filter>
    </None>
    <None Include="..\..\hfsm\detail\machine_composite.inl">
      <Filter>hfsm\detail</Filter>
    </None>
    <None Include="..\..\hfsm\detail\machine_composite_methods.inl">
      <Filter>hfsm\detail</Filter>
    </None>
    <None Include="..\..\hfsm\detail\machine_composite_sub_1.inl">
      <Filter>hfsm\detail</Filter>
    </None>
    <None Include="..\..\hfsm\detail\machine_composite_sub_2.inl">
      <Filter>hfsm\detail</Filter>
    </None>
    <None Include="..\..\hfsm\detail\machine_orthogonal.inl">
      <Filter>hfsm\detail</Filter>
    </None>
    <None Include="..\..\hfsm\detail\machine_orthogonal_methods.inl">
      <Filter>hfsm\detail</Filter>
    </None>
    <None Include="..\..\hfsm\detail\machine_orthogonal_sub_1.inl">
      <Filter>hfsm\detail</Filter>
    </None>
    <None Include="..\..\hfsm\detail\machine_orthogonal_sub_2.inl">
      <Filter>hfsm\detail</Filter>
    </None>
    <None Include="..\..\hfsm\detail\machine_state.inl">
      <Filter>hfsm\detail</Filter>
    </None>
    <None Include="..\..\hfsm\detail\machine_state_methods.inl">
      <Filter>hfsm\detail</Filter>
    </None>
  </ItemGroup>
  <ItemGroup>
    <ClCompile Include="..\..\test\main.cpp">
      <Filter>test</Filter>
    </ClCompile>
  </ItemGroup>
  <ItemGroup>
    <Natvis Include="hfsm.natvis" />
  </ItemGroup>
</Project>