
Microsoft Visual Studio Solution File, Format Version 12.00
# Visual Studio Version 16
VisualStudioVersion = 16.0.28714.193
MinimumVisualStudioVersion = 10.0.40219.1
Project("{2150E333-8FDC-42A3-9474-1A3956D46DE8}") = "_", "_", "{498EF6B0-5565-411A-839A-B41294202103}"
	ProjectSection(SolutionItems) = preProject
		..\..\.gitignore = ..\..\.gitignore
		..\..\.travis.yml = ..\..\.travis.yml
		api-changes.txt = api-changes.txt
		..\..\appveyor.yml = ..\..\appveyor.yml
		catch2.runsettings = catch2.runsettings
		..\..\CMakeLists.txt = ..\..\CMakeLists.txt
		..\..\README.md = ..\..\README.md
		vs-flags.txt = vs-flags.txt
	EndProjectSection
EndProject
Project("{2150E333-8FDC-42A3-9474-1A3956D46DE8}") = "tests", "tests", "{58AC2401-48A7-4AFA-A6F4-5F00DFAF260A}"
	ProjectSection(SolutionItems) = preProject
		..\..\CMakeLists.txt = ..\..\CMakeLists.txt
		..\..\hfsm.natvis = ..\..\hfsm.natvis
	EndProjectSection
EndProject
Project("{2150E333-8FDC-42A3-9474-1A3956D46DE8}") = "tools", "tools", "{FEAA94BA-655D-4761-B7CF-32DC0457499D}"
EndProject
Project("{888888A0-9F3D-457C-B088-3A5042F75D52}") = "tools", "tools.pyproj", "{2347027E-E5DE-43C4-8EF9-5F1411ADE33B}"
EndProject
Project("{8BC9CEB8-8B4A-11D0-8D11-00A0C91BC942}") = "test-16", "test-16.vcxproj", "{0E3EA848-3FFE-4784-8D44-1DF036990C22}"
EndProject
Project("{2150E333-8FDC-42A3-9474-1A3956D46DE8}") = "examples", "examples", "{96FFB6D5-0F92-46CC-A3CB-97661FEAC775}"
EndProject
Project("{8BC9CEB8-8B4A-11D0-8D11-00A0C91BC942}") = "snippets-16", "snippets-16.vcxproj", "{4C77E622-2167-417F-A6E6-32E077D4C98E}"
EndProject
Project("{8BC9CEB8-8B4A-11D0-8D11-00A0C91BC942}") = "test-clang", "test-clang.vcxproj", "{D2176F37-135E-4003-9A90-7A9E78E0371F}"
EndProject
Project("{8BC9CEB8-8B4A-11D0-8D11-00A0C91BC942}") = "snippets-clang", "snippets-clang.vcxproj", "{33A393DF-51F8-44F8-B5C9-B254A22287A7}"
EndProject
Global
	GlobalSection(SolutionConfigurationPlatforms) = preSolution
		Debug|x64 = Debug|x64
		Debug|x86 = Debug|x86
		Release|x64 = Release|x64
		Release|x86 = Release|x86
	EndGlobalSection
	GlobalSection(ProjectConfigurationPlatforms) = postSolution
		{2347027E-E5DE-43C4-8EF9-5F1411ADE33B}.Debug|x64.ActiveCfg = Debug|Any CPU
		{2347027E-E5DE-43C4-8EF9-5F1411ADE33B}.Debug|x86.ActiveCfg = Debug|Any CPU
		{2347027E-E5DE-43C4-8EF9-5F1411ADE33B}.Release|x64.ActiveCfg = Release|Any CPU
		{2347027E-E5DE-43C4-8EF9-5F1411ADE33B}.Release|x86.ActiveCfg = Release|Any CPU
		{0E3EA848-3FFE-4784-8D44-1DF036990C22}.Debug|x64.ActiveCfg = Debug|x64
		{0E3EA848-3FFE-4784-8D44-1DF036990C22}.Debug|x64.Build.0 = Debug|x64
		{0E3EA848-3FFE-4784-8D44-1DF036990C22}.Debug|x86.ActiveCfg = Debug|Win32
		{0E3EA848-3FFE-4784-8D44-1DF036990C22}.Debug|x86.Build.0 = Debug|Win32
		{0E3EA848-3FFE-4784-8D44-1DF036990C22}.Release|x64.ActiveCfg = Release|x64
		{0E3EA848-3FFE-4784-8D44-1DF036990C22}.Release|x64.Build.0 = Release|x64
		{0E3EA848-3FFE-4784-8D44-1DF036990C22}.Release|x86.ActiveCfg = Release|Win32
		{0E3EA848-3FFE-4784-8D44-1DF036990C22}.Release|x86.Build.0 = Release|Win32
		{4C77E622-2167-417F-A6E6-32E077D4C98E}.Debug|x64.ActiveCfg = Debug|x64
		{4C77E622-2167-417F-A6E6-32E077D4C98E}.Debug|x64.Build.0 = Debug|x64
		{4C77E622-2167-417F-A6E6-32E077D4C98E}.Debug|x86.ActiveCfg = Debug|Win32
		{4C77E622-2167-417F-A6E6-32E077D4C98E}.Debug|x86.Build.0 = Debug|Win32
		{4C77E622-2167-417F-A6E6-32E077D4C98E}.Release|x64.ActiveCfg = Release|x64
		{4C77E622-2167-417F-A6E6-32E077D4C98E}.Release|x64.Build.0 = Release|x64
		{4C77E622-2167-417F-A6E6-32E077D4C98E}.Release|x86.ActiveCfg = Release|Win32
		{4C77E622-2167-417F-A6E6-32E077D4C98E}.Release|x86.Build.0 = Release|Win32
		{D2176F37-135E-4003-9A90-7A9E78E0371F}.Debug|x64.ActiveCfg = Debug|x64
		{D2176F37-135E-4003-9A90-7A9E78E0371F}.Debug|x64.Build.0 = Debug|x64
		{D2176F37-135E-4003-9A90-7A9E78E0371F}.Debug|x86.ActiveCfg = Debug|Win32
		{D2176F37-135E-4003-9A90-7A9E78E0371F}.Debug|x86.Build.0 = Debug|Win32
		{D2176F37-135E-4003-9A90-7A9E78E0371F}.Release|x64.ActiveCfg = Release|x64
		{D2176F37-135E-4003-9A90-7A9E78E0371F}.Release|x64.Build.0 = Release|x64
		{D2176F37-135E-4003-9A90-7A9E78E0371F}.Release|x86.ActiveCfg = Release|Win32
		{D2176F37-135E-4003-9A90-7A9E78E0371F}.Release|x86.Build.0 = Release|Win32
		{33A393DF-51F8-44F8-B5C9-B254A22287A7}.Debug|x64.ActiveCfg = Debug|x64
		{33A393DF-51F8-44F8-B5C9-B254A22287A7}.Debug|x64.Build.0 = Debug|x64
		{33A393DF-51F8-44F8-B5C9-B254A22287A7}.Debug|x86.ActiveCfg = Debug|Win32
		{33A393DF-51F8-44F8-B5C9-B254A22287A7}.Debug|x86.Build.0 = Debug|Win32
		{33A393DF-51F8-44F8-B5C9-B254A22287A7}.Release|x64.ActiveCfg = Release|x64
		{33A393DF-51F8-44F8-B5C9-B254A22287A7}.Release|x64.Build.0 = Release|x64
		{33A393DF-51F8-44F8-B5C9-B254A22287A7}.Release|x86.ActiveCfg = Release|Win32
		{33A393DF-51F8-44F8-B5C9-B254A22287A7}.Release|x86.Build.0 = Release|Win32
	EndGlobalSection
	GlobalSection(SolutionProperties) = preSolution
		HideSolutionNode = FALSE
	EndGlobalSection
	GlobalSection(NestedProjects) = preSolution
		{2347027E-E5DE-43C4-8EF9-5F1411ADE33B} = {FEAA94BA-655D-4761-B7CF-32DC0457499D}
		{0E3EA848-3FFE-4784-8D44-1DF036990C22} = {58AC2401-48A7-4AFA-A6F4-5F00DFAF260A}
		{4C77E622-2167-417F-A6E6-32E077D4C98E} = {96FFB6D5-0F92-46CC-A3CB-97661FEAC775}
		{D2176F37-135E-4003-9A90-7A9E78E0371F} = {58AC2401-48A7-4AFA-A6F4-5F00DFAF260A}
		{33A393DF-51F8-44F8-B5C9-B254A22287A7} = {96FFB6D5-0F92-46CC-A3CB-97661FEAC775}
	EndGlobalSection
	GlobalSection(ExtensibilityGlobals) = postSolution
		SolutionGuid = {3BE666E0-1098-42CF-B1FD-F0F0CA579F4C}
	EndGlobalSection
EndGlobal
