
Microsoft Visual Studio Solution File, Format Version 12.00
# Visual Studio 15
VisualStudioVersion = 15.0.27130.2036
MinimumVisualStudioVersion = 10.0.40219.1
Project("{2150E333-8FDC-42A3-9474-1A3956D46DE8}") = "_", "_", "{498EF6B0-5565-411A-839A-B41294202103}"
	ProjectSection(SolutionItems) = preProject
		..\..\.gitignore = ..\..\.gitignore
		..\..\.travis.yml = ..\..\.travis.yml
		..\..\appveyor.yml = ..\..\appveyor.yml
		..\..\CMakeLists.txt = ..\..\CMakeLists.txt
		flags.txt = flags.txt
		..\..\README.md = ..\..\README.md
	EndProjectSection
EndProject
Project("{2150E333-8FDC-42A3-9474-1A3956D46DE8}") = "examples", "examples", "{EDEB0687-3B3E-429D-9213-0A3EED99821D}"
EndProject
Project("{2150E333-8FDC-42A3-9474-1A3956D46DE8}") = "tests", "tests", "{58AC2401-48A7-4AFA-A6F4-5F00DFAF260A}"
EndProject
Project("{8BC9CEB8-8B4A-11D0-8D11-00A0C91BC942}") = "test-14", "test-14.vcxproj", "{0895F78B-D3D4-4BEF-8E12-DAABE32686E5}"
EndProject
Project("{2150E333-8FDC-42A3-9474-1A3956D46DE8}") = "tools", "tools", "{FEAA94BA-655D-4761-B7CF-32DC0457499D}"
EndProject
Project("{8BC9CEB8-8B4A-11D0-8D11-00A0C91BC942}") = "advanced_event_handling-14", "advanced_event_handling-14.vcxproj", "{AA58BDD0-0F56-43E9-816C-37BA6C30F97C}"
EndProject
Project("{8BC9CEB8-8B4A-11D0-8D11-00A0C91BC942}") = "basic_traffic_light-14", "basic_traffic_light-14.vcxproj", "{C543B4D9-A8AC-47B7-8376-AB4B110C144E}"
EndProject
Project("{8BC9CEB8-8B4A-11D0-8D11-00A0C91BC942}") = "debug_logger_interface-14", "debug_logger_interface-14.vcxproj", "{E1C0E44B-EEF3-40D4-AEB7-54C4E570237E}"
EndProject
Project("{888888A0-9F3D-457C-B088-3A5042F75D52}") = "tools", "tools.pyproj", "{2347027E-E5DE-43C4-8EF9-5F1411ADE33B}"
EndProject
Project("{8BC9CEB8-8B4A-11D0-8D11-00A0C91BC942}") = "test-15", "test-15.vcxproj", "{CCE21648-BED6-4180-A305-FF27932B9232}"
EndProject
Project("{8BC9CEB8-8B4A-11D0-8D11-00A0C91BC942}") = "advanced_event_handling-15", "advanced_event_handling-15.vcxproj", "{51783E31-202A-4B43-A371-A62AEF4F75E3}"
EndProject
Project("{8BC9CEB8-8B4A-11D0-8D11-00A0C91BC942}") = "basic_traffic_light-15", "basic_traffic_light-15.vcxproj", "{C8C0CDBA-3B12-412D-8C7B-D65E3D85D2A2}"
EndProject
Project("{8BC9CEB8-8B4A-11D0-8D11-00A0C91BC942}") = "debug_logger_interface-15", "debug_logger_interface-15.vcxproj", "{31CDCC89-14CF-42A9-AB27-C2E7CFB6E98D}"
EndProject
Global
	GlobalSection(SolutionConfigurationPlatforms) = preSolution
		Debug|32 = Debug|32
		Debug|64 = Debug|64
		Release|32 = Release|32
		Release|64 = Release|64
	EndGlobalSection
	GlobalSection(ProjectConfigurationPlatforms) = postSolution
		{0895F78B-D3D4-4BEF-8E12-DAABE32686E5}.Debug|32.ActiveCfg = Debug|Win32
		{0895F78B-D3D4-4BEF-8E12-DAABE32686E5}.Debug|32.Build.0 = Debug|Win32
		{0895F78B-D3D4-4BEF-8E12-DAABE32686E5}.Debug|64.ActiveCfg = Debug|x64
		{0895F78B-D3D4-4BEF-8E12-DAABE32686E5}.Debug|64.Build.0 = Debug|x64
		{0895F78B-D3D4-4BEF-8E12-DAABE32686E5}.Release|32.ActiveCfg = Release|Win32
		{0895F78B-D3D4-4BEF-8E12-DAABE32686E5}.Release|32.Build.0 = Release|Win32
		{0895F78B-D3D4-4BEF-8E12-DAABE32686E5}.Release|64.ActiveCfg = Release|x64
		{0895F78B-D3D4-4BEF-8E12-DAABE32686E5}.Release|64.Build.0 = Release|x64
		{AA58BDD0-0F56-43E9-816C-37BA6C30F97C}.Debug|32.ActiveCfg = Debug|Win32
		{AA58BDD0-0F56-43E9-816C-37BA6C30F97C}.Debug|32.Build.0 = Debug|Win32
		{AA58BDD0-0F56-43E9-816C-37BA6C30F97C}.Debug|64.ActiveCfg = Debug|x64
		{AA58BDD0-0F56-43E9-816C-37BA6C30F97C}.Debug|64.Build.0 = Debug|x64
		{AA58BDD0-0F56-43E9-816C-37BA6C30F97C}.Release|32.ActiveCfg = Release|Win32
		{AA58BDD0-0F56-43E9-816C-37BA6C30F97C}.Release|32.Build.0 = Release|Win32
		{AA58BDD0-0F56-43E9-816C-37BA6C30F97C}.Release|64.ActiveCfg = Release|x64
		{AA58BDD0-0F56-43E9-816C-37BA6C30F97C}.Release|64.Build.0 = Release|x64
		{C543B4D9-A8AC-47B7-8376-AB4B110C144E}.Debug|32.ActiveCfg = Debug|Win32
		{C543B4D9-A8AC-47B7-8376-AB4B110C144E}.Debug|32.Build.0 = Debug|Win32
		{C543B4D9-A8AC-47B7-8376-AB4B110C144E}.Debug|64.ActiveCfg = Debug|x64
		{C543B4D9-A8AC-47B7-8376-AB4B110C144E}.Debug|64.Build.0 = Debug|x64
		{C543B4D9-A8AC-47B7-8376-AB4B110C144E}.Release|32.ActiveCfg = Release|Win32
		{C543B4D9-A8AC-47B7-8376-AB4B110C144E}.Release|32.Build.0 = Release|Win32
		{C543B4D9-A8AC-47B7-8376-AB4B110C144E}.Release|64.ActiveCfg = Release|x64
		{C543B4D9-A8AC-47B7-8376-AB4B110C144E}.Release|64.Build.0 = Release|x64
		{E1C0E44B-EEF3-40D4-AEB7-54C4E570237E}.Debug|32.ActiveCfg = Debug|Win32
		{E1C0E44B-EEF3-40D4-AEB7-54C4E570237E}.Debug|32.Build.0 = Debug|Win32
		{E1C0E44B-EEF3-40D4-AEB7-54C4E570237E}.Debug|64.ActiveCfg = Debug|x64
		{E1C0E44B-EEF3-40D4-AEB7-54C4E570237E}.Debug|64.Build.0 = Debug|x64
		{E1C0E44B-EEF3-40D4-AEB7-54C4E570237E}.Release|32.ActiveCfg = Release|Win32
		{E1C0E44B-EEF3-40D4-AEB7-54C4E570237E}.Release|32.Build.0 = Release|Win32
		{E1C0E44B-EEF3-40D4-AEB7-54C4E570237E}.Release|64.ActiveCfg = Release|x64
		{E1C0E44B-EEF3-40D4-AEB7-54C4E570237E}.Release|64.Build.0 = Release|x64
		{2347027E-E5DE-43C4-8EF9-5F1411ADE33B}.Debug|32.ActiveCfg = Debug|Any CPU
		{2347027E-E5DE-43C4-8EF9-5F1411ADE33B}.Debug|64.ActiveCfg = Debug|Any CPU
		{2347027E-E5DE-43C4-8EF9-5F1411ADE33B}.Release|32.ActiveCfg = Release|Any CPU
		{2347027E-E5DE-43C4-8EF9-5F1411ADE33B}.Release|64.ActiveCfg = Release|Any CPU
		{CCE21648-BED6-4180-A305-FF27932B9232}.Debug|32.ActiveCfg = Debug|Win32
		{CCE21648-BED6-4180-A305-FF27932B9232}.Debug|32.Build.0 = Debug|Win32
		{CCE21648-BED6-4180-A305-FF27932B9232}.Debug|64.ActiveCfg = Debug|x64
		{CCE21648-BED6-4180-A305-FF27932B9232}.Debug|64.Build.0 = Debug|x64
		{CCE21648-BED6-4180-A305-FF27932B9232}.Release|32.ActiveCfg = Release|Win32
		{CCE21648-BED6-4180-A305-FF27932B9232}.Release|32.Build.0 = Release|Win32
		{CCE21648-BED6-4180-A305-FF27932B9232}.Release|64.ActiveCfg = Release|x64
		{CCE21648-BED6-4180-A305-FF27932B9232}.Release|64.Build.0 = Release|x64
		{51783E31-202A-4B43-A371-A62AEF4F75E3}.Debug|32.ActiveCfg = Debug|Win32
		{51783E31-202A-4B43-A371-A62AEF4F75E3}.Debug|32.Build.0 = Debug|Win32
		{51783E31-202A-4B43-A371-A62AEF4F75E3}.Debug|64.ActiveCfg = Debug|x64
		{51783E31-202A-4B43-A371-A62AEF4F75E3}.Debug|64.Build.0 = Debug|x64
		{51783E31-202A-4B43-A371-A62AEF4F75E3}.Release|32.ActiveCfg = Release|Win32
		{51783E31-202A-4B43-A371-A62AEF4F75E3}.Release|32.Build.0 = Release|Win32
		{51783E31-202A-4B43-A371-A62AEF4F75E3}.Release|64.ActiveCfg = Release|x64
		{51783E31-202A-4B43-A371-A62AEF4F75E3}.Release|64.Build.0 = Release|x64
		{C8C0CDBA-3B12-412D-8C7B-D65E3D85D2A2}.Debug|32.ActiveCfg = Debug|Win32
		{C8C0CDBA-3B12-412D-8C7B-D65E3D85D2A2}.Debug|32.Build.0 = Debug|Win32
		{C8C0CDBA-3B12-412D-8C7B-D65E3D85D2A2}.Debug|64.ActiveCfg = Debug|x64
		{C8C0CDBA-3B12-412D-8C7B-D65E3D85D2A2}.Debug|64.Build.0 = Debug|x64
		{C8C0CDBA-3B12-412D-8C7B-D65E3D85D2A2}.Release|32.ActiveCfg = Release|Win32
		{C8C0CDBA-3B12-412D-8C7B-D65E3D85D2A2}.Release|32.Build.0 = Release|Win32
		{C8C0CDBA-3B12-412D-8C7B-D65E3D85D2A2}.Release|64.ActiveCfg = Release|x64
		{C8C0CDBA-3B12-412D-8C7B-D65E3D85D2A2}.Release|64.Build.0 = Release|x64
		{31CDCC89-14CF-42A9-AB27-C2E7CFB6E98D}.Debug|32.ActiveCfg = Debug|Win32
		{31CDCC89-14CF-42A9-AB27-C2E7CFB6E98D}.Debug|32.Build.0 = Debug|Win32
		{31CDCC89-14CF-42A9-AB27-C2E7CFB6E98D}.Debug|64.ActiveCfg = Debug|x64
		{31CDCC89-14CF-42A9-AB27-C2E7CFB6E98D}.Debug|64.Build.0 = Debug|x64
		{31CDCC89-14CF-42A9-AB27-C2E7CFB6E98D}.Release|32.ActiveCfg = Release|Win32
		{31CDCC89-14CF-42A9-AB27-C2E7CFB6E98D}.Release|32.Build.0 = Release|Win32
		{31CDCC89-14CF-42A9-AB27-C2E7CFB6E98D}.Release|64.ActiveCfg = Release|x64
		{31CDCC89-14CF-42A9-AB27-C2E7CFB6E98D}.Release|64.Build.0 = Release|x64
	EndGlobalSection
	GlobalSection(SolutionProperties) = preSolution
		HideSolutionNode = FALSE
	EndGlobalSection
	GlobalSection(NestedProjects) = preSolution
		{0895F78B-D3D4-4BEF-8E12-DAABE32686E5} = {58AC2401-48A7-4AFA-A6F4-5F00DFAF260A}
		{AA58BDD0-0F56-43E9-816C-37BA6C30F97C} = {EDEB0687-3B3E-429D-9213-0A3EED99821D}
		{C543B4D9-A8AC-47B7-8376-AB4B110C144E} = {EDEB0687-3B3E-429D-9213-0A3EED99821D}
		{E1C0E44B-EEF3-40D4-AEB7-54C4E570237E} = {EDEB0687-3B3E-429D-9213-0A3EED99821D}
		{2347027E-E5DE-43C4-8EF9-5F1411ADE33B} = {FEAA94BA-655D-4761-B7CF-32DC0457499D}
		{CCE21648-BED6-4180-A305-FF27932B9232} = {58AC2401-48A7-4AFA-A6F4-5F00DFAF260A}
		{51783E31-202A-4B43-A371-A62AEF4F75E3} = {EDEB0687-3B3E-429D-9213-0A3EED99821D}
		{C8C0CDBA-3B12-412D-8C7B-D65E3D85D2A2} = {EDEB0687-3B3E-429D-9213-0A3EED99821D}
		{31CDCC89-14CF-42A9-AB27-C2E7CFB6E98D} = {EDEB0687-3B3E-429D-9213-0A3EED99821D}
	EndGlobalSection
	GlobalSection(ExtensibilityGlobals) = postSolution
		SolutionGuid = {3BE666E0-1098-42CF-B1FD-F0F0CA579F4C}
	EndGlobalSection
EndGlobal
