<?xml version="1.0" encoding="utf-8"?>
<Project ToolsVersion="4.0" xmlns="http://schemas.microsoft.com/developer/msbuild/2003">
  <ItemGroup>
    <ClCompile Include="..\..\examples\snippets\main.cpp" />
    <ClCompile Include="..\..\examples\snippets\wiki_transitions-within-hierarchy.cpp" />
    <ClCompile Include="..\..\examples\snippets\wiki_tutorial.cpp" />
    <ClCompile Include="..\..\examples\snippets\wiki_utility-theory.cpp" />
  </ItemGroup>
  <ItemGroup>
    <Filter Include="_">
      <UniqueIdentifier>{5777c5ec-52d9-46f0-8e2f-a8b96654b844}</UniqueIdentifier>
    </Filter>
  </ItemGroup>
  <ItemGroup>
    <Text Include="..\..\examples\snippets\CMakeLists.txt">
      <Filter>_</Filter>
    </Text>
  </ItemGroup>
</Project>