<?xml version="1.0" encoding="utf-8"?>
<Project ToolsVersion="4.0" xmlns="http://schemas.microsoft.com/developer/msbuild/2003">
  <ItemGroup>
    <Filter Include="test">
      <UniqueIdentifier>{25afde4c-8636-489f-9a74-e87f38b09cb9}</UniqueIdentifier>
    </Filter>
    <Filter Include="hfsm">
      <UniqueIdentifier>{25fa5477-2735-467a-a226-594457ffc81b}</UniqueIdentifier>
    </Filter>
    <Filter Include="hfsm\detail">
      <UniqueIdentifier>{409cd44f-e525-4937-95d7-98102445f768}</UniqueIdentifier>
    </Filter>
    <Filter Include="hfsm\detail\shared">
      <UniqueIdentifier>{d3de0d0e-a527-4b3d-beba-986d5b084081}</UniqueIdentifier>
    </Filter>
    <Filter Include="hfsm\detail\structure">
      <UniqueIdentifier>{27a88ffd-5b77-4df9-9da8-9098fa84da10}</UniqueIdentifier>
    </Filter>
    <Filter Include="test\shared">
      <UniqueIdentifier>{f563aa00-7f4b-4d66-ba7d-cdf5e4ea2843}</UniqueIdentifier>
    </Filter>
    <Filter Include="hfsm\detail\root">
      <UniqueIdentifier>{6e05f3be-0022-4b21-8f00-73628be91819}</UniqueIdentifier>
    </Filter>
    <Filter Include="hfsm\detail\features">
      <UniqueIdentifier>{af1f22cf-6fbe-4957-8793-1a1393e63294}</UniqueIdentifier>
    </Filter>
    <Filter Include="hfsm\detail\containers">
      <UniqueIdentifier>{6c95d998-383b-4f5e-a922-03abb8ffe397}</UniqueIdentifier>
    </Filter>
    <Filter Include="test\reported">
      <UniqueIdentifier>{4de212b5-e053-4911-b944-6336b674aed0}</UniqueIdentifier>
    </Filter>
  </ItemGroup>
  <ItemGroup>
    <ClCompile Include="..\..\test\main.cpp">
      <Filter>test</Filter>
    </ClCompile>
    <ClCompile Include="..\..\test\test_internal_transitions.cpp">
      <Filter>test</Filter>
    </ClCompile>
    <ClCompile Include="..\..\test\test_delayed_teardown.cpp">
      <Filter>test</Filter>
    </ClCompile>
    <ClCompile Include="..\..\test\shared\test_bit_array.cpp">
      <Filter>test\shared</Filter>
    </ClCompile>
    <ClCompile Include="..\..\test\test_self_transitions.cpp">
      <Filter>test</Filter>
    </ClCompile>
    <ClCompile Include="..\..\test\test_composite_bst.cpp">
      <Filter>test</Filter>
    </ClCompile>
    <ClCompile Include="..\..\test\test_utilize.cpp">
      <Filter>test</Filter>
    </ClCompile>
    <ClCompile Include="..\..\test\test_resume.cpp">
      <Filter>test</Filter>
    </ClCompile>
    <ClCompile Include="..\..\test\test_utility_regions.cpp">
      <Filter>test</Filter>
    </ClCompile>
    <ClCompile Include="..\..\test\test_debug.cpp">
      <Filter>test</Filter>
    </ClCompile>
    <ClCompile Include="..\..\test\test_ortho_units.cpp">
      <Filter>test</Filter>
    </ClCompile>
    <ClCompile Include="..\..\test\test_randomize.cpp">
      <Filter>test</Filter>
    </ClCompile>
    <ClCompile Include="..\..\test\test_access.cpp">
      <Filter>test</Filter>
    </ClCompile>
    <ClCompile Include="..\..\test\test_stress.cpp">
      <Filter>test</Filter>
    </ClCompile>
    <ClCompile Include="..\..\test\test_plans.cpp">
      <Filter>test</Filter>
    </ClCompile>
    <ClCompile Include="..\..\test\test_guards.cpp">
      <Filter>test</Filter>
    </ClCompile>
    <ClCompile Include="..\..\test\test_orthogonal_root.cpp">
      <Filter>test</Filter>
    </ClCompile>
    <ClCompile Include="..\..\test\test_replication.cpp">
      <Filter>test</Filter>
    </ClCompile>
    <ClCompile Include="..\..\test\shared\test_bit_stream.cpp">
      <Filter>test\shared</Filter>
    </ClCompile>
    <ClCompile Include="..\..\test\test_serialization.cpp">
      <Filter>test</Filter>
    </ClCompile>
    <ClCompile Include="..\..\test\test_internal_payloads.cpp">
      <Filter>test</Filter>
    </ClCompile>
    <ClCompile Include="..\..\test\test_contexts.cpp">
      <Filter>test</Filter>
    </ClCompile>
    <ClCompile Include="..\..\test\test_contexts_random.cpp">
      <Filter>test</Filter>
    </ClCompile>
    <ClCompile Include="..\..\test\shared\test_task_list.cpp">
      <Filter>test\shared</Filter>
    </ClCompile>
    <ClCompile Include="..\..\test\shared\test_random.cpp">
      <Filter>test\shared</Filter>
    </ClCompile>
    <ClCompile Include="..\..\test\test_plans_payloads.cpp">
      <Filter>test</Filter>
    </ClCompile>
    <ClCompile Include="..\..\test\test_manual_activation.cpp">
      <Filter>test</Filter>
    </ClCompile>
    <ClCompile Include="..\..\test\reported\issue_49.cpp">
      <Filter>test\reported</Filter>
    </ClCompile>
  </ItemGroup>
  <ItemGroup>
    <ClInclude Include="..\..\include\hfsm2\machine_dev.hpp">
      <Filter>hfsm</Filter>
    </ClInclude>
    <ClInclude Include="..\..\include\hfsm2\detail\shared\iterator.hpp">
      <Filter>hfsm\detail\shared</Filter>
    </ClInclude>
    <ClInclude Include="..\..\include\hfsm2\detail\shared\type_list.hpp">
      <Filter>hfsm\detail\shared</Filter>
    </ClInclude>
    <ClInclude Include="..\..\include\hfsm2\detail\shared\utility.hpp">
      <Filter>hfsm\detail\shared</Filter>
    </ClInclude>
    <ClInclude Include="..\..\include\hfsm2\detail\structure\composite.hpp">
      <Filter>hfsm\detail\structure</Filter>
    </ClInclude>
    <ClInclude Include="..\..\include\hfsm2\detail\structure\composite_sub.hpp">
      <Filter>hfsm\detail\structure</Filter>
    </ClInclude>
    <ClInclude Include="..\..\include\hfsm2\detail\structure\forward.hpp">
      <Filter>hfsm\detail\structure</Filter>
    </ClInclude>
    <ClInclude Include="..\..\include\hfsm2\detail\structure\orthogonal.hpp">
      <Filter>hfsm\detail\structure</Filter>
    </ClInclude>
    <ClInclude Include="..\..\include\hfsm2\detail\structure\orthogonal_sub.hpp">
      <Filter>hfsm\detail\structure</Filter>
    </ClInclude>
    <ClInclude Include="..\..\include\hfsm2\detail\structure\state.hpp">
      <Filter>hfsm\detail\structure</Filter>
    </ClInclude>
    <ClInclude Include="..\..\include\hfsm2\detail\shared\random.hpp">
      <Filter>hfsm\detail\shared</Filter>
    </ClInclude>
    <ClInclude Include="..\..\include\hfsm2\detail\structure\injections.hpp">
      <Filter>hfsm\detail\structure</Filter>
    </ClInclude>
    <ClInclude Include="..\..\include\hfsm2\detail\root\control.hpp">
      <Filter>hfsm\detail\root</Filter>
    </ClInclude>
    <ClInclude Include="..\..\include\hfsm2\detail\root\plan.hpp">
      <Filter>hfsm\detail\root</Filter>
    </ClInclude>
    <ClInclude Include="..\..\include\hfsm2\detail\root\plan_data.hpp">
      <Filter>hfsm\detail\root</Filter>
    </ClInclude>
    <ClInclude Include="..\..\include\hfsm2\detail\root\state_access.hpp">
      <Filter>hfsm\detail\root</Filter>
    </ClInclude>
    <ClInclude Include="..\..\include\hfsm2\detail\root.hpp">
      <Filter>hfsm\detail</Filter>
    </ClInclude>
    <ClInclude Include="..\..\include\hfsm2\detail\shared\bit_stream.hpp">
      <Filter>hfsm\detail\shared</Filter>
    </ClInclude>
    <ClInclude Include="..\..\include\hfsm2\detail\root\registry.hpp">
      <Filter>hfsm\detail\root</Filter>
    </ClInclude>
    <ClInclude Include="..\..\include\hfsm2\detail\shared\macros_off.hpp">
      <Filter>hfsm\detail\shared</Filter>
    </ClInclude>
    <ClInclude Include="..\..\include\hfsm2\detail\shared\macros_on.hpp">
      <Filter>hfsm\detail\shared</Filter>
    </ClInclude>
    <ClInclude Include="..\..\test\tools.hpp">
      <Filter>test</Filter>
    </ClInclude>
    <ClInclude Include="..\..\include\hfsm2\detail\features\logger_interface.hpp">
      <Filter>hfsm\detail\features</Filter>
    </ClInclude>
    <ClInclude Include="..\..\include\hfsm2\detail\features\structure_report.hpp">
      <Filter>hfsm\detail\features</Filter>
    </ClInclude>
    <ClInclude Include="..\..\include\hfsm2\detail\features\common.hpp">
      <Filter>hfsm\detail\features</Filter>
    </ClInclude>
    <ClInclude Include="..\..\include\hfsm2\detail\containers\array.hpp">
      <Filter>hfsm\detail\containers</Filter>
    </ClInclude>
    <ClInclude Include="..\..\include\hfsm2\detail\containers\bit_array.hpp">
      <Filter>hfsm\detail\containers</Filter>
    </ClInclude>
    <ClInclude Include="..\..\include\hfsm2\detail\containers\task_list.hpp">
      <Filter>hfsm\detail\containers</Filter>
    </ClInclude>
  </ItemGroup>
  <ItemGroup>
    <None Include="..\..\include\hfsm2\detail\structure\composite.inl">
      <Filter>hfsm\detail\structure</Filter>
    </None>
    <None Include="..\..\include\hfsm2\detail\structure\orthogonal.inl">
      <Filter>hfsm\detail\structure</Filter>
    </None>
    <None Include="..\..\include\hfsm2\detail\structure\orthogonal_sub_1.inl">
      <Filter>hfsm\detail\structure</Filter>
    </None>
    <None Include="..\..\include\hfsm2\detail\structure\orthogonal_sub_2.inl">
      <Filter>hfsm\detail\structure</Filter>
    </None>
    <None Include="..\..\include\hfsm2\detail\structure\state.inl">
      <Filter>hfsm\detail\structure</Filter>
    </None>
    <None Include="..\..\include\hfsm2\detail\structure\composite_sub_1.inl">
      <Filter>hfsm\detail\structure</Filter>
    </None>
    <None Include="..\..\include\hfsm2\detail\structure\composite_sub_2.inl">
      <Filter>hfsm\detail\structure</Filter>
    </None>
    <None Include="..\..\include\hfsm2\detail\shared\random.inl">
      <Filter>hfsm\detail\shared</Filter>
    </None>
    <None Include="..\..\include\hfsm2\detail\structure\injections.inl">
      <Filter>hfsm\detail\structure</Filter>
    </None>
    <None Include="..\..\include\hfsm2\detail\root\control.inl">
      <Filter>hfsm\detail\root</Filter>
    </None>
    <None Include="..\..\include\hfsm2\detail\root\plan.inl">
      <Filter>hfsm\detail\root</Filter>
    </None>
    <None Include="..\..\include\hfsm2\detail\root\plan_data.inl">
      <Filter>hfsm\detail\root</Filter>
    </None>
    <None Include="..\..\include\hfsm2\detail\root.inl">
      <Filter>hfsm\detail</Filter>
    </None>
    <None Include="..\..\include\hfsm2\detail\shared\bit_stream.inl">
      <Filter>hfsm\detail\shared</Filter>
    </None>
    <None Include="..\..\test\tools.inl">
      <Filter>test</Filter>
    </None>
    <None Include="..\..\include\hfsm2\detail\root\registry_2.inl">
      <Filter>hfsm\detail\root</Filter>
    </None>
    <None Include="..\..\include\hfsm2\detail\root\registry_1.inl">
      <Filter>hfsm\detail\root</Filter>
    </None>
    <None Include="..\..\include\hfsm2\detail\containers\array.inl">
      <Filter>hfsm\detail\containers</Filter>
    </None>
    <None Include="..\..\include\hfsm2\detail\containers\bit_array.inl">
      <Filter>hfsm\detail\containers</Filter>
    </None>
    <None Include="..\..\include\hfsm2\detail\containers\task_list.inl">
      <Filter>hfsm\detail\containers</Filter>
    </None>
  </ItemGroup>
</Project>