<?xml version="1.0" encoding="utf-8"?>
<Project ToolsVersion="4.0" xmlns="http://schemas.microsoft.com/developer/msbuild/2003">
  <ItemGroup>
    <Filter Include="test">
      <UniqueIdentifier>{25afde4c-8636-489f-9a74-e87f38b09cb9}</UniqueIdentifier>
    </Filter>
    <Filter Include="hfsm">
      <UniqueIdentifier>{25fa5477-2735-467a-a226-594457ffc81b}</UniqueIdentifier>
    </Filter>
    <Filter Include="hfsm\detail">
      <UniqueIdentifier>{bcadbaf6-c69d-493f-b835-a441b888682d}</UniqueIdentifier>
    </Filter>
  </ItemGroup>
  <ItemGroup>
    <ClCompile Include="..\..\test\main.cpp">
      <Filter>test</Filter>
    </ClCompile>
    <ClCompile Include="..\..\test\deprecated.cpp">
      <Filter>test</Filter>
    </ClCompile>
    <ClCompile Include="..\..\test\test_shared.cpp">
      <Filter>test</Filter>
    </ClCompile>
    <ClCompile Include="..\..\test\test_internal_transitions.cpp">
      <Filter>test</Filter>
    </ClCompile>
    <ClCompile Include="..\..\test\test_state_data.cpp">
      <Filter>test</Filter>
    </ClCompile>
    <ClCompile Include="..\..\test\test_lib_list.cpp">
      <Filter>test</Filter>
    </ClCompile>
    <ClCompile Include="..\..\test\test_planner.cpp">
      <Filter>test</Filter>
    </ClCompile>
    <ClCompile Include="..\..\test\test_lib_lib_bit_array.cpp">
      <Filter>test</Filter>
    </ClCompile>
  </ItemGroup>
  <ItemGroup>
    <ClInclude Include="..\..\include\hfsm\detail\machine_utility.hpp">
      <Filter>hfsm\detail</Filter>
    </ClInclude>
    <ClInclude Include="..\..\include\hfsm\detail\debug_structure_report.hpp">
      <Filter>hfsm\detail</Filter>
    </ClInclude>
    <ClInclude Include="..\..\include\hfsm\detail\debug_logger_interface.hpp">
      <Filter>hfsm\detail</Filter>
    </ClInclude>
    <ClInclude Include="..\..\include\hfsm\detail\machine_injections.hpp">
      <Filter>hfsm\detail</Filter>
    </ClInclude>
    <ClInclude Include="..\..\include\hfsm\detail\machine_root.hpp">
      <Filter>hfsm\detail</Filter>
    </ClInclude>
    <ClInclude Include="..\..\include\hfsm\detail\lib_array.hpp">
      <Filter>hfsm\detail</Filter>
    </ClInclude>
    <ClInclude Include="..\..\include\hfsm\detail\lib_array_view.hpp">
      <Filter>hfsm\detail</Filter>
    </ClInclude>
    <ClInclude Include="..\..\include\hfsm\detail\lib_iterator.hpp">
      <Filter>hfsm\detail</Filter>
    </ClInclude>
    <ClInclude Include="..\..\include\hfsm\detail\lib_utility.hpp">
      <Filter>hfsm\detail</Filter>
    </ClInclude>
    <ClInclude Include="..\..\include\hfsm\detail\lib_type_list.hpp">
      <Filter>hfsm\detail</Filter>
    </ClInclude>
    <ClInclude Include="..\..\include\hfsm\detail\machine_orthogonal_sub.hpp">
      <Filter>hfsm\detail</Filter>
    </ClInclude>
    <ClInclude Include="..\..\include\hfsm\detail\machine_composite_sub.hpp">
      <Filter>hfsm\detail</Filter>
    </ClInclude>
    <ClInclude Include="..\..\include\hfsm\detail\debug_shared.hpp">
      <Filter>hfsm\detail</Filter>
    </ClInclude>
    <ClInclude Include="..\..\test\test_shared.hpp">
      <Filter>test</Filter>
    </ClInclude>
    <ClInclude Include="..\..\test\test_internal_transitions.hpp">
      <Filter>test</Filter>
    </ClInclude>
    <ClInclude Include="..\..\include\hfsm\machine_dev.hpp">
      <Filter>hfsm</Filter>
    </ClInclude>
    <ClInclude Include="..\..\include\hfsm\machine.hpp">
      <Filter>hfsm</Filter>
    </ClInclude>
    <ClInclude Include="..\..\include\hfsm\detail\machine_forward.hpp">
      <Filter>hfsm\detail</Filter>
    </ClInclude>
    <ClInclude Include="..\..\include\hfsm\detail\machine_control.hpp">
      <Filter>hfsm\detail</Filter>
    </ClInclude>
    <ClInclude Include="..\..\include\hfsm\detail\lib_list.hpp">
      <Filter>hfsm\detail</Filter>
    </ClInclude>
    <ClInclude Include="..\..\include\hfsm\detail\machine_plan.hpp">
      <Filter>hfsm\detail</Filter>
    </ClInclude>
    <ClInclude Include="..\..\include\hfsm\detail\machine_sequence.hpp">
      <Filter>hfsm\detail</Filter>
    </ClInclude>
    <ClInclude Include="..\..\test\test_planner.hpp">
      <Filter>test</Filter>
    </ClInclude>
    <ClInclude Include="..\..\include\hfsm\detail\lib_bit_array.hpp">
      <Filter>hfsm\detail</Filter>
    </ClInclude>
  </ItemGroup>
  <ItemGroup>
    <None Include="..\..\include\hfsm\detail\machine_composite_sub_1.inl">
      <Filter>hfsm\detail</Filter>
    </None>
    <None Include="..\..\include\hfsm\detail\machine_composite_sub_2.inl">
      <Filter>hfsm\detail</Filter>
    </None>
    <None Include="..\..\include\hfsm\detail\machine_orthogonal_sub_1.inl">
      <Filter>hfsm\detail</Filter>
    </None>
    <None Include="..\..\include\hfsm\detail\machine_orthogonal_sub_2.inl">
      <Filter>hfsm\detail</Filter>
    </None>
    <None Include="..\..\include\hfsm\detail\machine_composite.hpp">
      <Filter>hfsm\detail</Filter>
    </None>
    <None Include="..\..\include\hfsm\detail\machine_orthogonal.hpp">
      <Filter>hfsm\detail</Filter>
    </None>
    <None Include="..\..\include\hfsm\detail\machine_state.hpp">
      <Filter>hfsm\detail</Filter>
    </None>
    <None Include="..\..\include\hfsm\detail\machine_injections.inl">
      <Filter>hfsm\detail</Filter>
    </None>
    <None Include="..\..\include\hfsm\detail\machine_root.inl">
      <Filter>hfsm\detail</Filter>
    </None>
    <None Include="..\..\include\hfsm\detail\lib_array.inl">
      <Filter>hfsm\detail</Filter>
    </None>
    <None Include="..\..\include\hfsm\detail\lib_array_view.inl">
      <Filter>hfsm\detail</Filter>
    </None>
    <None Include="..\..\include\hfsm\detail\lib_iterator.inl">
      <Filter>hfsm\detail</Filter>
    </None>
    <None Include="..\..\include\hfsm\detail\machine_state.inl">
      <Filter>hfsm\detail</Filter>
    </None>
    <None Include="..\..\include\hfsm\detail\machine_orthogonal.inl">
      <Filter>hfsm\detail</Filter>
    </None>
    <None Include="..\..\include\hfsm\detail\machine_composite.inl">
      <Filter>hfsm\detail</Filter>
    </None>
    <None Include="..\..\include\hfsm\detail\machine_control.inl">
      <Filter>hfsm\detail</Filter>
    </None>
    <None Include="..\..\include\hfsm\detail\lib_list.inl">
      <Filter>hfsm\detail</Filter>
    </None>
    <None Include="..\..\include\hfsm\detail\machine_plan.inl">
      <Filter>hfsm\detail</Filter>
    </None>
    <None Include="..\..\include\hfsm\detail\machine_sequence.inl">
      <Filter>hfsm\detail</Filter>
    </None>
    <None Include="..\..\include\hfsm\detail\machine_utility.inl">
      <Filter>hfsm\detail</Filter>
    </None>
    <None Include="..\..\include\hfsm\detail\lib_bit_array.inl">
      <Filter>hfsm\detail</Filter>
    </None>
  </ItemGroup>
</Project>