
Microsoft Visual Studio Solution File, Format Version 12.00
# Visual Studio Version 17
VisualStudioVersion = 17.8.34330.188
MinimumVisualStudioVersion = 10.0.40219.1
Project("{8BC9CEB8-8B4A-11D0-8D11-00A0C91BC942}") = "advanced_event_handling-14", "advanced_event_handling-14.vcxproj", "{F2F0D850-DE00-8521-47BA-E93F33E973BA}"
EndProject
Project("{8BC9CEB8-8B4A-11D0-8D11-00A0C91BC942}") = "basic_audio_player-14", "basic_audio_player-14.vcxproj", "{D6549E75-42C1-5970-0BB5-F1CD77E07BD8}"
EndProject
Project("{8BC9CEB8-8B4A-11D0-8D11-00A0C91BC942}") = "basic_traffic_light-14", "basic_traffic_light-14.vcxproj", "{8EF02841-7AEA-5193-6357-E8A34FF0B7FF}"
EndProject
Project("{8BC9CEB8-8B4A-11D0-8D11-00A0C91BC942}") = "calculator-14", "calculator-14.vcxproj", "{81C649A8-ED86-C5DE-B6C1-0E5C22410ABB}"
EndProject
Project("{8BC9CEB8-8B4A-11D0-8D11-00A0C91BC942}") = "debug_logger_interface-14", "debug_logger_interface-14.vcxproj", "{CD91E21A-3954-16A5-8204-A531EE05EF82}"
EndProject
Project("{8BC9CEB8-8B4A-11D0-8D11-00A0C91BC942}") = "temp-14", "temp-14.vcxproj", "{ADCBAED8-19AB-2D74-22C3-B84A8E2194D5}"
EndProject
Project("{8BC9CEB8-8B4A-11D0-8D11-00A0C91BC942}") = "test-14", "test-14.vcxproj", "{37901DD9-A36F-9C74-AC87-274B18E602D6}"
EndProject
Project("{8BC9CEB8-8B4A-11D0-8D11-00A0C91BC942}") = "test-clang", "test-clang.vcxproj", "{77E2BA72-639A-FCBF-CCA1-D51BB87897B0}"
EndProject
Project("{888888A0-9F3D-457C-B088-3A5042F75D52}") = "tools", "tools.pyproj", "{2347027E-E5DE-43C4-8EF9-5F1411ADE33B}"
EndProject
Project("{2150E333-8FDC-42A3-9474-1A3956D46DE8}") = "_", "_", "{CAF6FD08-F000-458A-9DC3-74685C05D7F2}"
	ProjectSection(SolutionItems) = preProject
		..\..\hfsm2.natvis = ..\..\hfsm2.natvis
	EndProjectSection
EndProject
Global
	GlobalSection(SolutionConfigurationPlatforms) = preSolution
		Debug|Win32 = Debug|Win32
		Debug|x64 = Debug|x64
		Release|Win32 = Release|Win32
		Release|x64 = Release|x64
	EndGlobalSection
	GlobalSection(ProjectConfigurationPlatforms) = postSolution
		{F2F0D850-DE00-8521-47BA-E93F33E973BA}.Debug|Win32.ActiveCfg = Debug|Win32
		{F2F0D850-DE00-8521-47BA-E93F33E973BA}.Debug|Win32.Build.0 = Debug|Win32
		{F2F0D850-DE00-8521-47BA-E93F33E973BA}.Debug|x64.ActiveCfg = Debug|x64
		{F2F0D850-DE00-8521-47BA-E93F33E973BA}.Debug|x64.Build.0 = Debug|x64
		{F2F0D850-DE00-8521-47BA-E93F33E973BA}.Release|Win32.ActiveCfg = Release|Win32
		{F2F0D850-DE00-8521-47BA-E93F33E973BA}.Release|Win32.Build.0 = Release|Win32
		{F2F0D850-DE00-8521-47BA-E93F33E973BA}.Release|x64.ActiveCfg = Release|x64
		{F2F0D850-DE00-8521-47BA-E93F33E973BA}.Release|x64.Build.0 = Release|x64
		{D6549E75-42C1-5970-0BB5-F1CD77E07BD8}.Debug|Win32.ActiveCfg = Debug|Win32
		{D6549E75-42C1-5970-0BB5-F1CD77E07BD8}.Debug|Win32.Build.0 = Debug|Win32
		{D6549E75-42C1-5970-0BB5-F1CD77E07BD8}.Debug|x64.ActiveCfg = Debug|x64
		{D6549E75-42C1-5970-0BB5-F1CD77E07BD8}.Debug|x64.Build.0 = Debug|x64
		{D6549E75-42C1-5970-0BB5-F1CD77E07BD8}.Release|Win32.ActiveCfg = Release|Win32
		{D6549E75-42C1-5970-0BB5-F1CD77E07BD8}.Release|Win32.Build.0 = Release|Win32
		{D6549E75-42C1-5970-0BB5-F1CD77E07BD8}.Release|x64.ActiveCfg = Release|x64
		{D6549E75-42C1-5970-0BB5-F1CD77E07BD8}.Release|x64.Build.0 = Release|x64
		{8EF02841-7AEA-5193-6357-E8A34FF0B7FF}.Debug|Win32.ActiveCfg = Debug|Win32
		{8EF02841-7AEA-5193-6357-E8A34FF0B7FF}.Debug|Win32.Build.0 = Debug|Win32
		{8EF02841-7AEA-5193-6357-E8A34FF0B7FF}.Debug|x64.ActiveCfg = Debug|x64
		{8EF02841-7AEA-5193-6357-E8A34FF0B7FF}.Debug|x64.Build.0 = Debug|x64
		{8EF02841-7AEA-5193-6357-E8A34FF0B7FF}.Release|Win32.ActiveCfg = Release|Win32
		{8EF02841-7AEA-5193-6357-E8A34FF0B7FF}.Release|Win32.Build.0 = Release|Win32
		{8EF02841-7AEA-5193-6357-E8A34FF0B7FF}.Release|x64.ActiveCfg = Release|x64
		{8EF02841-7AEA-5193-6357-E8A34FF0B7FF}.Release|x64.Build.0 = Release|x64
		{81C649A8-ED86-C5DE-B6C1-0E5C22410ABB}.Debug|Win32.ActiveCfg = Debug|Win32
		{81C649A8-ED86-C5DE-B6C1-0E5C22410ABB}.Debug|Win32.Build.0 = Debug|Win32
		{81C649A8-ED86-C5DE-B6C1-0E5C22410ABB}.Debug|x64.ActiveCfg = Debug|x64
		{81C649A8-ED86-C5DE-B6C1-0E5C22410ABB}.Debug|x64.Build.0 = Debug|x64
		{81C649A8-ED86-C5DE-B6C1-0E5C22410ABB}.Release|Win32.ActiveCfg = Release|Win32
		{81C649A8-ED86-C5DE-B6C1-0E5C22410ABB}.Release|Win32.Build.0 = Release|Win32
		{81C649A8-ED86-C5DE-B6C1-0E5C22410ABB}.Release|x64.ActiveCfg = Release|x64
		{81C649A8-ED86-C5DE-B6C1-0E5C22410ABB}.Release|x64.Build.0 = Release|x64
		{CD91E21A-3954-16A5-8204-A531EE05EF82}.Debug|Win32.ActiveCfg = Debug|Win32
		{CD91E21A-3954-16A5-8204-A531EE05EF82}.Debug|Win32.Build.0 = Debug|Win32
		{CD91E21A-3954-16A5-8204-A531EE05EF82}.Debug|x64.ActiveCfg = Debug|x64
		{CD91E21A-3954-16A5-8204-A531EE05EF82}.Debug|x64.Build.0 = Debug|x64
		{CD91E21A-3954-16A5-8204-A531EE05EF82}.Release|Win32.ActiveCfg = Release|Win32
		{CD91E21A-3954-16A5-8204-A531EE05EF82}.Release|Win32.Build.0 = Release|Win32
		{CD91E21A-3954-16A5-8204-A531EE05EF82}.Release|x64.ActiveCfg = Release|x64
		{CD91E21A-3954-16A5-8204-A531EE05EF82}.Release|x64.Build.0 = Release|x64
		{ADCBAED8-19AB-2D74-22C3-B84A8E2194D5}.Debug|Win32.ActiveCfg = Debug|Win32
		{ADCBAED8-19AB-2D74-22C3-B84A8E2194D5}.Debug|Win32.Build.0 = Debug|Win32
		{ADCBAED8-19AB-2D74-22C3-B84A8E2194D5}.Debug|x64.ActiveCfg = Debug|x64
		{ADCBAED8-19AB-2D74-22C3-B84A8E2194D5}.Debug|x64.Build.0 = Debug|x64
		{ADCBAED8-19AB-2D74-22C3-B84A8E2194D5}.Release|Win32.ActiveCfg = Release|Win32
		{ADCBAED8-19AB-2D74-22C3-B84A8E2194D5}.Release|Win32.Build.0 = Release|Win32
		{ADCBAED8-19AB-2D74-22C3-B84A8E2194D5}.Release|x64.ActiveCfg = Release|x64
		{ADCBAED8-19AB-2D74-22C3-B84A8E2194D5}.Release|x64.Build.0 = Release|x64
		{37901DD9-A36F-9C74-AC87-274B18E602D6}.Debug|Win32.ActiveCfg = Debug|Win32
		{37901DD9-A36F-9C74-AC87-274B18E602D6}.Debug|Win32.Build.0 = Debug|Win32
		{37901DD9-A36F-9C74-AC87-274B18E602D6}.Debug|x64.ActiveCfg = Debug|x64
		{37901DD9-A36F-9C74-AC87-274B18E602D6}.Debug|x64.Build.0 = Debug|x64
		{37901DD9-A36F-9C74-AC87-274B18E602D6}.Release|Win32.ActiveCfg = Release|Win32
		{37901DD9-A36F-9C74-AC87-274B18E602D6}.Release|Win32.Build.0 = Release|Win32
		{37901DD9-A36F-9C74-AC87-274B18E602D6}.Release|x64.ActiveCfg = Release|x64
		{37901DD9-A36F-9C74-AC87-274B18E602D6}.Release|x64.Build.0 = Release|x64
		{77E2BA72-639A-FCBF-CCA1-D51BB87897B0}.Debug|Win32.ActiveCfg = Debug|Win32
		{77E2BA72-639A-FCBF-CCA1-D51BB87897B0}.Debug|Win32.Build.0 = Debug|Win32
		{77E2BA72-639A-FCBF-CCA1-D51BB87897B0}.Debug|x64.ActiveCfg = Debug|x64
		{77E2BA72-639A-FCBF-CCA1-D51BB87897B0}.Debug|x64.Build.0 = Debug|x64
		{77E2BA72-639A-FCBF-CCA1-D51BB87897B0}.Release|Win32.ActiveCfg = Release|Win32
		{77E2BA72-639A-FCBF-CCA1-D51BB87897B0}.Release|Win32.Build.0 = Release|Win32
		{77E2BA72-639A-FCBF-CCA1-D51BB87897B0}.Release|x64.ActiveCfg = Release|x64
		{77E2BA72-639A-FCBF-CCA1-D51BB87897B0}.Release|x64.Build.0 = Release|x64
		{2347027E-E5DE-43C4-8EF9-5F1411ADE33B}.Debug|Win32.ActiveCfg = Debug|Any CPU
		{2347027E-E5DE-43C4-8EF9-5F1411ADE33B}.Debug|x64.ActiveCfg = Debug|Any CPU
		{2347027E-E5DE-43C4-8EF9-5F1411ADE33B}.Release|Win32.ActiveCfg = Release|Any CPU
		{2347027E-E5DE-43C4-8EF9-5F1411ADE33B}.Release|x64.ActiveCfg = Release|Any CPU
	EndGlobalSection
	GlobalSection(SolutionProperties) = preSolution
		HideSolutionNode = FALSE
	EndGlobalSection
	GlobalSection(ExtensibilityGlobals) = postSolution
		SolutionGuid = {3E09CAEF-7585-427B-AF4F-615891B2F0D7}
	EndGlobalSection
EndGlobal
